// !$*UTF8*$!
{
	archiveVersion = 1;
	classes = {
	};
	objectVersion = 46;
	objects = {

/* Begin PBXBuildFile section */
		D3180C5C1765009C00A6B8E0 /* OpenGLES.framework in Frameworks */ = {isa = PBXBuildFile; fileRef = D3180C5A1764FF5A00A6B8E0 /* OpenGLES.framework */; };
		D3AAA1A717000FC300954DDF /* UIKit.framework in Frameworks */ = {isa = PBXBuildFile; fileRef = D3AAA1A617000FC300954DDF /* UIKit.framework */; };
		D3AAA1A917000FC300954DDF /* Foundation.framework in Frameworks */ = {isa = PBXBuildFile; fileRef = D3AAA1A817000FC300954DDF /* Foundation.framework */; };
		D3AAA1AB17000FC300954DDF /* CoreGraphics.framework in Frameworks */ = {isa = PBXBuildFile; fileRef = D3AAA1AA17000FC300954DDF /* CoreGraphics.framework */; };
		D3AAA1B117000FC300954DDF /* InfoPlist.strings in Resources */ = {isa = PBXBuildFile; fileRef = D3AAA1AF17000FC300954DDF /* InfoPlist.strings */; };
		D3B3913617A9732500A4148C /* AnnoTree.framework in Frameworks */ = {isa = PBXBuildFile; fileRef = D3B3913517A9732500A4148C /* AnnoTree.framework */; };
		D3B3914D17A974F300A4148C /* Default-568h@2x.png in Resources */ = {isa = PBXBuildFile; fileRef = D3B3914817A974F300A4148C /* Default-568h@2x.png */; };
		D3B3914E17A974F300A4148C /* Default-Landscape.png in Resources */ = {isa = PBXBuildFile; fileRef = D3B3914917A974F300A4148C /* Default-Landscape.png */; };
		D3B3914F17A974F300A4148C /* Default-Portrait.png in Resources */ = {isa = PBXBuildFile; fileRef = D3B3914A17A974F300A4148C /* Default-Portrait.png */; };
		D3B3915017A974F300A4148C /* Default.png in Resources */ = {isa = PBXBuildFile; fileRef = D3B3914B17A974F300A4148C /* Default.png */; };
		D3B3915117A974F300A4148C /* Default@2x.png in Resources */ = {isa = PBXBuildFile; fileRef = D3B3914C17A974F300A4148C /* Default@2x.png */; };
		D3B3915617A9759600A4148C /* MainStoryboard_iPad.storyboard in Resources */ = {isa = PBXBuildFile; fileRef = D3B3915217A9759600A4148C /* MainStoryboard_iPad.storyboard */; };
		D3B3915717A9759600A4148C /* MainStoryboard_iPhone.storyboard in Resources */ = {isa = PBXBuildFile; fileRef = D3B3915417A9759600A4148C /* MainStoryboard_iPhone.storyboard */; };
/* End PBXBuildFile section */

/* Begin PBXFileReference section */
		D3180C26176184B300A6B8E0 /* CoreFoundation.framework */ = {isa = PBXFileReference; lastKnownFileType = wrapper.framework; name = CoreFoundation.framework; path = System/Library/Frameworks/CoreFoundation.framework; sourceTree = SDKROOT; };
		D3180C5A1764FF5A00A6B8E0 /* OpenGLES.framework */ = {isa = PBXFileReference; lastKnownFileType = wrapper.framework; name = OpenGLES.framework; path = System/Library/Frameworks/OpenGLES.framework; sourceTree = SDKROOT; };
		D3AAA1A317000FC300954DDF /* Sample App.app */ = {isa = PBXFileReference; explicitFileType = wrapper.application; includeInIndex = 0; path = "Sample App.app"; sourceTree = BUILT_PRODUCTS_DIR; };
		D3AAA1A617000FC300954DDF /* UIKit.framework */ = {isa = PBXFileReference; lastKnownFileType = wrapper.framework; name = UIKit.framework; path = System/Library/Frameworks/UIKit.framework; sourceTree = SDKROOT; };
		D3AAA1A817000FC300954DDF /* Foundation.framework */ = {isa = PBXFileReference; lastKnownFileType = wrapper.framework; name = Foundation.framework; path = System/Library/Frameworks/Foundation.framework; sourceTree = SDKROOT; };
		D3AAA1AA17000FC300954DDF /* CoreGraphics.framework */ = {isa = PBXFileReference; lastKnownFileType = wrapper.framework; name = CoreGraphics.framework; path = System/Library/Frameworks/CoreGraphics.framework; sourceTree = SDKROOT; };
		D3AAA1B017000FC300954DDF /* en */ = {isa = PBXFileReference; lastKnownFileType = text.plist.strings; name = en; path = en.lproj/InfoPlist.strings; sourceTree = "<group>"; };
		D3AAA1CD17000FC400954DDF /* SenTestingKit.framework */ = {isa = PBXFileReference; lastKnownFileType = wrapper.framework; name = SenTestingKit.framework; path = Library/Frameworks/SenTestingKit.framework; sourceTree = DEVELOPER_DIR; };
		D3B3913517A9732500A4148C /* AnnoTree.framework */ = {isa = PBXFileReference; lastKnownFileType = wrapper.framework; path = AnnoTree.framework; sourceTree = "<group>"; };
		D3B3913817A9740F00A4148C /* AnnoTree.bundle */ = {isa = PBXFileReference; lastKnownFileType = "wrapper.plug-in"; name = AnnoTree.bundle; path = "AnnoTree Sample App/AnnoTree.bundle"; sourceTree = SOURCE_ROOT; };
		D3B3913917A9740F00A4148C /* AppDelegate.h */ = {isa = PBXFileReference; lastKnownFileType = sourcecode.c.h; name = AppDelegate.h; path = "AnnoTree Sample App/AppDelegate.h"; sourceTree = SOURCE_ROOT; };
		D3B3913A17A9740F00A4148C /* AppDelegate.m */ = {isa = PBXFileReference; lastKnownFileType = sourcecode.c.objc; name = AppDelegate.m; path = "AnnoTree Sample App/AppDelegate.m"; sourceTree = SOURCE_ROOT; };
		D3B3913B17A9740F00A4148C /* WebViewController.h */ = {isa = PBXFileReference; lastKnownFileType = sourcecode.c.h; name = WebViewController.h; path = "AnnoTree Sample App/WebViewController.h"; sourceTree = SOURCE_ROOT; };
		D3B3913C17A9740F00A4148C /* WebViewController.m */ = {isa = PBXFileReference; lastKnownFileType = sourcecode.c.objc; name = WebViewController.m; path = "AnnoTree Sample App/WebViewController.m"; sourceTree = SOURCE_ROOT; };
		D3B3913D17A9747900A4148C /* Icon-72.png */ = {isa = PBXFileReference; lastKnownFileType = image.png; name = "Icon-72.png"; path = "AnnoTree Sample App/Icon-72.png"; sourceTree = SOURCE_ROOT; };
		D3B3913E17A9747900A4148C /* Icon-Small-50.png */ = {isa = PBXFileReference; lastKnownFileType = image.png; name = "Icon-Small-50.png"; path = "AnnoTree Sample App/Icon-Small-50.png"; sourceTree = SOURCE_ROOT; };
		D3B3913F17A9747900A4148C /* Icon-Small.png */ = {isa = PBXFileReference; lastKnownFileType = image.png; name = "Icon-Small.png"; path = "AnnoTree Sample App/Icon-Small.png"; sourceTree = SOURCE_ROOT; };
		D3B3914017A9747900A4148C /* Icon-Small@2x.png */ = {isa = PBXFileReference; lastKnownFileType = image.png; name = "Icon-Small@2x.png"; path = "AnnoTree Sample App/Icon-Small@2x.png"; sourceTree = SOURCE_ROOT; };
		D3B3914117A9747900A4148C /* Icon.png */ = {isa = PBXFileReference; lastKnownFileType = image.png; name = Icon.png; path = "AnnoTree Sample App/Icon.png"; sourceTree = SOURCE_ROOT; };
		D3B3914217A9747900A4148C /* Icon@2x.png */ = {isa = PBXFileReference; lastKnownFileType = image.png; name = "Icon@2x.png"; path = "AnnoTree Sample App/Icon@2x.png"; sourceTree = SOURCE_ROOT; };
		D3B3914317A9747900A4148C /* Sample App-Info.plist */ = {isa = PBXFileReference; lastKnownFileType = text.plist.xml; name = "Sample App-Info.plist"; path = "AnnoTree Sample App/Sample App-Info.plist"; sourceTree = SOURCE_ROOT; };
		D3B3914417A9747900A4148C /* Sample App-Prefix.pch */ = {isa = PBXFileReference; lastKnownFileType = sourcecode.c.h; name = "Sample App-Prefix.pch"; path = "AnnoTree Sample App/Sample App-Prefix.pch"; sourceTree = SOURCE_ROOT; };
		D3B3914617A9749900A4148C /* Default-Landscape@2x~ipad.png */ = {isa = PBXFileReference; lastKnownFileType = image.png; name = "Default-Landscape@2x~ipad.png"; path = "AnnoTree Sample App/Default-Landscape@2x~ipad.png"; sourceTree = SOURCE_ROOT; };
		D3B3914717A9749900A4148C /* Default-Portrait@2x~ipad.png */ = {isa = PBXFileReference; lastKnownFileType = image.png; name = "Default-Portrait@2x~ipad.png"; path = "AnnoTree Sample App/Default-Portrait@2x~ipad.png"; sourceTree = SOURCE_ROOT; };
		D3B3914817A974F300A4148C /* Default-568h@2x.png */ = {isa = PBXFileReference; lastKnownFileType = image.png; path = "Default-568h@2x.png"; sourceTree = SOURCE_ROOT; };
		D3B3914917A974F300A4148C /* Default-Landscape.png */ = {isa = PBXFileReference; lastKnownFileType = image.png; path = "Default-Landscape.png"; sourceTree = SOURCE_ROOT; };
		D3B3914A17A974F300A4148C /* Default-Portrait.png */ = {isa = PBXFileReference; lastKnownFileType = image.png; path = "Default-Portrait.png"; sourceTree = SOURCE_ROOT; };
		D3B3914B17A974F300A4148C /* Default.png */ = {isa = PBXFileReference; lastKnownFileType = image.png; path = Default.png; sourceTree = SOURCE_ROOT; };
		D3B3914C17A974F300A4148C /* Default@2x.png */ = {isa = PBXFileReference; lastKnownFileType = image.png; path = "Default@2x.png"; sourceTree = SOURCE_ROOT; };
		D3B3915317A9759600A4148C /* en */ = {isa = PBXFileReference; lastKnownFileType = file.storyboard; name = en; path = "AnnoTree Sample App/en.lproj/MainStoryboard_iPad.storyboard"; sourceTree = SOURCE_ROOT; };
		D3B3915517A9759600A4148C /* en */ = {isa = PBXFileReference; lastKnownFileType = file.storyboard; name = en; path = "AnnoTree Sample App/en.lproj/MainStoryboard_iPhone.storyboard"; sourceTree = SOURCE_ROOT; };
/* End PBXFileReference section */

/* Begin PBXFrameworksBuildPhase section */
		D3AAA1A017000FC300954DDF /* Frameworks */ = {
			isa = PBXFrameworksBuildPhase;
			buildActionMask = 2147483647;
			files = (
				D3180C5C1765009C00A6B8E0 /* OpenGLES.framework in Frameworks */,
				D3B3913617A9732500A4148C /* AnnoTree.framework in Frameworks */,
				D3AAA1A717000FC300954DDF /* UIKit.framework in Frameworks */,
				D3AAA1A917000FC300954DDF /* Foundation.framework in Frameworks */,
				D3AAA1AB17000FC300954DDF /* CoreGraphics.framework in Frameworks */,
			);
			runOnlyForDeploymentPostprocessing = 0;
		};
/* End PBXFrameworksBuildPhase section */

/* Begin PBXGroup section */
		D3AAA19A17000FC300954DDF = {
			isa = PBXGroup;
			children = (
				D3AAA1AC17000FC300954DDF /* Sample App */,
				D3AAA1A517000FC300954DDF /* Frameworks */,
				D3AAA1A417000FC300954DDF /* Products */,
			);
			sourceTree = "<group>";
		};
		D3AAA1A417000FC300954DDF /* Products */ = {
			isa = PBXGroup;
			children = (
				D3AAA1A317000FC300954DDF /* Sample App.app */,
			);
			name = Products;
			sourceTree = "<group>";
		};
		D3AAA1A517000FC300954DDF /* Frameworks */ = {
			isa = PBXGroup;
			children = (
				D3B3913517A9732500A4148C /* AnnoTree.framework */,
				D3180C5A1764FF5A00A6B8E0 /* OpenGLES.framework */,
				D3AAA1A617000FC300954DDF /* UIKit.framework */,
				D3AAA1A817000FC300954DDF /* Foundation.framework */,
				D3AAA1AA17000FC300954DDF /* CoreGraphics.framework */,
				D3AAA1CD17000FC400954DDF /* SenTestingKit.framework */,
				D3180C26176184B300A6B8E0 /* CoreFoundation.framework */,
			);
			name = Frameworks;
			sourceTree = "<group>";
		};
		D3AAA1AC17000FC300954DDF /* Sample App */ = {
			isa = PBXGroup;
			children = (
				D3B3915217A9759600A4148C /* MainStoryboard_iPad.storyboard */,
				D3B3915417A9759600A4148C /* MainStoryboard_iPhone.storyboard */,
				D3B3913817A9740F00A4148C /* AnnoTree.bundle */,
				D3B3913917A9740F00A4148C /* AppDelegate.h */,
				D3B3913A17A9740F00A4148C /* AppDelegate.m */,
				D3B3913B17A9740F00A4148C /* WebViewController.h */,
				D3B3913C17A9740F00A4148C /* WebViewController.m */,
				D3AAA1AD17000FC300954DDF /* Supporting Files */,
			);
			name = "Sample App";
			path = "AnnoTree Viewer";
			sourceTree = "<group>";
		};
		D3AAA1AD17000FC300954DDF /* Supporting Files */ = {
			isa = PBXGroup;
			children = (
				D3B3914617A9749900A4148C /* Default-Landscape@2x~ipad.png */,
				D3B3914717A9749900A4148C /* Default-Portrait@2x~ipad.png */,
				D3B3913D17A9747900A4148C /* Icon-72.png */,
				D3B3913E17A9747900A4148C /* Icon-Small-50.png */,
				D3B3913F17A9747900A4148C /* Icon-Small.png */,
				D3B3914017A9747900A4148C /* Icon-Small@2x.png */,
				D3B3914117A9747900A4148C /* Icon.png */,
				D3B3914217A9747900A4148C /* Icon@2x.png */,
				D3B3914317A9747900A4148C /* Sample App-Info.plist */,
				D3B3914417A9747900A4148C /* Sample App-Prefix.pch */,
				D3B3914817A974F300A4148C /* Default-568h@2x.png */,
				D3B3914917A974F300A4148C /* Default-Landscape.png */,
				D3B3914A17A974F300A4148C /* Default-Portrait.png */,
				D3B3914B17A974F300A4148C /* Default.png */,
				D3B3914C17A974F300A4148C /* Default@2x.png */,
				D3AAA1AF17000FC300954DDF /* InfoPlist.strings */,
			);
			name = "Supporting Files";
			sourceTree = "<group>";
		};
/* End PBXGroup section */

/* Begin PBXNativeTarget section */
		D3AAA1A217000FC300954DDF /* Sample App */ = {
			isa = PBXNativeTarget;
			buildConfigurationList = D3AAA1DE17000FC400954DDF /* Build configuration list for PBXNativeTarget "Sample App" */;
			buildPhases = (
				D3AAA19F17000FC300954DDF /* Sources */,
				D3AAA1A017000FC300954DDF /* Frameworks */,
				D3AAA1A117000FC300954DDF /* Resources */,
			);
			buildRules = (
			);
			dependencies = (
			);
			name = "Sample App";
			productName = "AnnoTree Viewer";
			productReference = D3AAA1A317000FC300954DDF /* Sample App.app */;
			productType = "com.apple.product-type.application";
		};
/* End PBXNativeTarget section */

/* Begin PBXProject section */
		D3AAA19B17000FC300954DDF /* Project object */ = {
			isa = PBXProject;
			attributes = {
				LastUpgradeCheck = 0500;
				ORGANIZATIONNAME = AnnoTree;
			};
			buildConfigurationList = D3AAA19E17000FC300954DDF /* Build configuration list for PBXProject "Sample App" */;
			compatibilityVersion = "Xcode 3.2";
			developmentRegion = English;
			hasScannedForEncodings = 0;
			knownRegions = (
				en,
			);
			mainGroup = D3AAA19A17000FC300954DDF;
			productRefGroup = D3AAA1A417000FC300954DDF /* Products */;
			projectDirPath = "";
			projectRoot = "";
			targets = (
				D3AAA1A217000FC300954DDF /* Sample App */,
			);
		};
/* End PBXProject section */

/* Begin PBXResourcesBuildPhase section */
		D3AAA1A117000FC300954DDF /* Resources */ = {
			isa = PBXResourcesBuildPhase;
			buildActionMask = 2147483647;
			files = (
				D3B3914D17A974F300A4148C /* Default-568h@2x.png in Resources */,
				D3B3914E17A974F300A4148C /* Default-Landscape.png in Resources */,
				D3B3915117A974F300A4148C /* Default@2x.png in Resources */,
				D3AAA1B117000FC300954DDF /* InfoPlist.strings in Resources */,
				D3B3915017A974F300A4148C /* Default.png in Resources */,
				D3B3914F17A974F300A4148C /* Default-Portrait.png in Resources */,
				D3B3915717A9759600A4148C /* MainStoryboard_iPhone.storyboard in Resources */,
				D3B3915617A9759600A4148C /* MainStoryboard_iPad.storyboard in Resources */,
			);
			runOnlyForDeploymentPostprocessing = 0;
		};
/* End PBXResourcesBuildPhase section */

/* Begin PBXSourcesBuildPhase section */
		D3AAA19F17000FC300954DDF /* Sources */ = {
			isa = PBXSourcesBuildPhase;
			buildActionMask = 2147483647;
			files = (
			);
			runOnlyForDeploymentPostprocessing = 0;
		};
/* End PBXSourcesBuildPhase section */

/* Begin PBXVariantGroup section */
		D3AAA1AF17000FC300954DDF /* InfoPlist.strings */ = {
			isa = PBXVariantGroup;
			children = (
				D3AAA1B017000FC300954DDF /* en */,
			);
			name = InfoPlist.strings;
			sourceTree = "<group>";
		};
		D3B3915217A9759600A4148C /* MainStoryboard_iPad.storyboard */ = {
			isa = PBXVariantGroup;
			children = (
				D3B3915317A9759600A4148C /* en */,
			);
			name = MainStoryboard_iPad.storyboard;
			sourceTree = "<group>";
		};
		D3B3915417A9759600A4148C /* MainStoryboard_iPhone.storyboard */ = {
			isa = PBXVariantGroup;
			children = (
				D3B3915517A9759600A4148C /* en */,
			);
			name = MainStoryboard_iPhone.storyboard;
			sourceTree = "<group>";
		};
/* End PBXVariantGroup section */

/* Begin XCBuildConfiguration section */
		D3AAA1DC17000FC400954DDF /* Debug */ = {
			isa = XCBuildConfiguration;
			buildSettings = {
				ALWAYS_SEARCH_USER_PATHS = NO;
				CLANG_CXX_LANGUAGE_STANDARD = "gnu++0x";
				CLANG_CXX_LIBRARY = "libc++";
				CLANG_ENABLE_OBJC_ARC = YES;
				CLANG_WARN_CONSTANT_CONVERSION = YES;
				CLANG_WARN_EMPTY_BODY = YES;
				CLANG_WARN_ENUM_CONVERSION = YES;
				CLANG_WARN_INT_CONVERSION = YES;
				CLANG_WARN__DUPLICATE_METHOD_MATCH = YES;
				"CODE_SIGN_IDENTITY[sdk=iphoneos*]" = "iPhone Developer";
				COPY_PHASE_STRIP = NO;
				GCC_C_LANGUAGE_STANDARD = gnu99;
				GCC_DYNAMIC_NO_PIC = NO;
				GCC_OPTIMIZATION_LEVEL = 0;
				GCC_PREPROCESSOR_DEFINITIONS = (
					"DEBUG=1",
					"$(inherited)",
				);
				GCC_SYMBOLS_PRIVATE_EXTERN = NO;
				GCC_WARN_ABOUT_RETURN_TYPE = YES;
				GCC_WARN_UNINITIALIZED_AUTOS = YES;
				GCC_WARN_UNUSED_VARIABLE = YES;
				IPHONEOS_DEPLOYMENT_TARGET = 6.1;
				ONLY_ACTIVE_ARCH = YES;
				SDKROOT = iphoneos;
				TARGETED_DEVICE_FAMILY = "1,2";
			};
			name = Debug;
		};
		D3AAA1DD17000FC400954DDF /* Release */ = {
			isa = XCBuildConfiguration;
			buildSettings = {
				ALWAYS_SEARCH_USER_PATHS = NO;
				CLANG_CXX_LANGUAGE_STANDARD = "gnu++0x";
				CLANG_CXX_LIBRARY = "libc++";
				CLANG_ENABLE_OBJC_ARC = YES;
				CLANG_WARN_CONSTANT_CONVERSION = YES;
				CLANG_WARN_EMPTY_BODY = YES;
				CLANG_WARN_ENUM_CONVERSION = YES;
				CLANG_WARN_INT_CONVERSION = YES;
				CLANG_WARN__DUPLICATE_METHOD_MATCH = YES;
				"CODE_SIGN_IDENTITY[sdk=iphoneos*]" = "iPhone Developer";
				COPY_PHASE_STRIP = YES;
				GCC_C_LANGUAGE_STANDARD = gnu99;
				GCC_WARN_ABOUT_RETURN_TYPE = YES;
				GCC_WARN_UNINITIALIZED_AUTOS = YES;
				GCC_WARN_UNUSED_VARIABLE = YES;
				IPHONEOS_DEPLOYMENT_TARGET = 6.1;
				ONLY_ACTIVE_ARCH = NO;
				OTHER_CFLAGS = "-DNS_BLOCK_ASSERTIONS=1";
				SDKROOT = iphoneos;
				TARGETED_DEVICE_FAMILY = "1,2";
				VALIDATE_PRODUCT = YES;
			};
			name = Release;
		};
		D3AAA1DF17000FC400954DDF /* Debug */ = {
			isa = XCBuildConfiguration;
			buildSettings = {
				FRAMEWORK_SEARCH_PATHS = (
					"$(inherited)",
					"$(SRCROOT)",
					"$(SRCROOT)/../../../Website/anno_tree/public/SDK/AnnoTreeSDK",
					"$(SRCROOT)/../../../../../Library/Developer/Xcode/DerivedData/AnnoTree_Viewer-axltqtouvntwkybdbqstrebtskfl/Build/Products/Debug-iphoneos",
				);
				GCC_PRECOMPILE_PREFIX_HEADER = YES;
				GCC_PREFIX_HEADER = "AnnoTree Viewer/Sample App-Prefix.pch";
				INFOPLIST_FILE = "AnnoTree Viewer/Sample App-Info.plist";
				IPHONEOS_DEPLOYMENT_TARGET = 6.0;
				LIBRARY_SEARCH_PATHS = (
					"$(inherited)",
					"\"$(SRCROOT)/../../../Library/Developer/Xcode/DerivedData/AnnoTreeLib-chacgumndsccjsajgadetmhgvlpa/Build/Products/Debug-iphoneos\"",
				);
				ONLY_ACTIVE_ARCH = NO;
				PRODUCT_NAME = "Sample App";
				USER_HEADER_SEARCH_PATHS = "";
				"USER_HEADER_SEARCH_PATHS[arch=*]" = "";
				WRAPPER_EXTENSION = app;
			};
			name = Debug;
		};
		D3AAA1E017000FC400954DDF /* Release */ = {
			isa = XCBuildConfiguration;
			buildSettings = {
				FRAMEWORK_SEARCH_PATHS = (
					"$(inherited)",
					"$(SRCROOT)",
					"$(SRCROOT)/../../../Website/anno_tree/public/SDK/AnnoTreeSDK",
					"$(SRCROOT)/../../../../../Library/Developer/Xcode/DerivedData/AnnoTree_Viewer-axltqtouvntwkybdbqstrebtskfl/Build/Products/Debug-iphoneos",
				);
				GCC_PRECOMPILE_PREFIX_HEADER = YES;
				GCC_PREFIX_HEADER = "AnnoTree Viewer/Sample App-Prefix.pch";
				INFOPLIST_FILE = "AnnoTree Viewer/Sample App-Info.plist";
				IPHONEOS_DEPLOYMENT_TARGET = 6.0;
				LIBRARY_SEARCH_PATHS = (
					"$(inherited)",
					"\"$(SRCROOT)/../../../Library/Developer/Xcode/DerivedData/AnnoTreeLib-chacgumndsccjsajgadetmhgvlpa/Build/Products/Debug-iphoneos\"",
				);
				ONLY_ACTIVE_ARCH = NO;
				PRODUCT_NAME = "Sample App";
				USER_HEADER_SEARCH_PATHS = "";
				WRAPPER_EXTENSION = app;
			};
			name = Release;
		};
/* End XCBuildConfiguration section */

/* Begin XCConfigurationList section */
		D3AAA19E17000FC300954DDF /* Build configuration list for PBXProject "Sample App" */ = {
			isa = XCConfigurationList;
			buildConfigurations = (
				D3AAA1DC17000FC400954DDF /* Debug */,
				D3AAA1DD17000FC400954DDF /* Release */,
			);
			defaultConfigurationIsVisible = 0;
			defaultConfigurationName = Release;
		};
		D3AAA1DE17000FC400954DDF /* Build configuration list for PBXNativeTarget "Sample App" */ = {
			isa = XCConfigurationList;
			buildConfigurations = (
				D3AAA1DF17000FC400954DDF /* Debug */,
				D3AAA1E017000FC400954DDF /* Release */,
			);
			defaultConfigurationIsVisible = 0;
			defaultConfigurationName = Release;
		};
/* End XCConfigurationList section */
	};
	rootObject = D3AAA19B17000FC300954DDF /* Project object */;
}
