// !$*UTF8*$!
{
	archiveVersion = 1;
	classes = {
	};
	objectVersion = 46;
	objects = {

/* Begin PBXAggregateTarget section */
		D3180C0F176182E300A6B8E0 /* Framework */ = {
			isa = PBXAggregateTarget;
			buildConfigurationList = D3180C10176182E400A6B8E0 /* Build configuration list for PBXAggregateTarget "Framework" */;
			buildPhases = (
				D3180C15176183B000A6B8E0 /* ShellScript */,
			);
			dependencies = (
				D3180C3D1761852900A6B8E0 /* PBXTargetDependency */,
				D3180C14176182F100A6B8E0 /* PBXTargetDependency */,
			);
			name = Framework;
			productName = Framework;
		};
/* End PBXAggregateTarget section */

/* Begin PBXBuildFile section */
		2787592317AEA8B5002F5A26 /* AnnoTree.bundle in Resources */ = {isa = PBXBuildFile; fileRef = 2787592217AEA8B5002F5A26 /* AnnoTree.bundle */; };
		2787592517AEA96D002F5A26 /* AnnoTree.framework in Frameworks */ = {isa = PBXBuildFile; fileRef = 2787592417AEA96D002F5A26 /* AnnoTree.framework */; };
		D314C687171B412800BA9B2F /* Default-Landscape@2x~ipad.png in Resources */ = {isa = PBXBuildFile; fileRef = D314C686171B412800BA9B2F /* Default-Landscape@2x~ipad.png */; };
		D314C689171B413400BA9B2F /* Default-Portrait@2x~ipad.png in Resources */ = {isa = PBXBuildFile; fileRef = D314C688171B413400BA9B2F /* Default-Portrait@2x~ipad.png */; };
		D3180C27176184B300A6B8E0 /* CoreFoundation.framework in Frameworks */ = {isa = PBXBuildFile; fileRef = D3180C26176184B300A6B8E0 /* CoreFoundation.framework */; };
		D3180C4A1761969900A6B8E0 /* AnnotationViewController.h in Headers */ = {isa = PBXBuildFile; fileRef = D3180C481761969800A6B8E0 /* AnnotationViewController.h */; settings = {ATTRIBUTES = (Public, ); }; };
		D3180C4C1761969900A6B8E0 /* AnnotationViewController.m in Sources */ = {isa = PBXBuildFile; fileRef = D3180C491761969800A6B8E0 /* AnnotationViewController.m */; };
		D3180C4D1761969900A6B8E0 /* AnnotationViewController.m in Sources */ = {isa = PBXBuildFile; fileRef = D3180C491761969800A6B8E0 /* AnnotationViewController.m */; };
		D3180C4E1761969900A6B8E0 /* AnnotationViewController.m in Sources */ = {isa = PBXBuildFile; fileRef = D3180C491761969800A6B8E0 /* AnnotationViewController.m */; };
		D3180C5B1764FF5A00A6B8E0 /* OpenGLES.framework in Frameworks */ = {isa = PBXBuildFile; fileRef = D3180C5A1764FF5A00A6B8E0 /* OpenGLES.framework */; };
		D3180C5C1765009C00A6B8E0 /* OpenGLES.framework in Frameworks */ = {isa = PBXBuildFile; fileRef = D3180C5A1764FF5A00A6B8E0 /* OpenGLES.framework */; };
		D321648C172C18B500573823 /* Foundation.framework in Frameworks */ = {isa = PBXBuildFile; fileRef = D3AAA1A817000FC300954DDF /* Foundation.framework */; };
		D3216493172C18B500573823 /* AnnoTreeLibrary.m in Sources */ = {isa = PBXBuildFile; fileRef = D3216492172C18B500573823 /* AnnoTreeLibrary.m */; };
		D321649A172C18B600573823 /* SenTestingKit.framework in Frameworks */ = {isa = PBXBuildFile; fileRef = D3AAA1CD17000FC400954DDF /* SenTestingKit.framework */; };
		D321649B172C18B600573823 /* UIKit.framework in Frameworks */ = {isa = PBXBuildFile; fileRef = D3AAA1A617000FC300954DDF /* UIKit.framework */; };
		D321649C172C18B600573823 /* Foundation.framework in Frameworks */ = {isa = PBXBuildFile; fileRef = D3AAA1A817000FC300954DDF /* Foundation.framework */; };
		D321649F172C18B600573823 /* libAnnoTree.a in Frameworks */ = {isa = PBXBuildFile; fileRef = D321648B172C18B500573823 /* libAnnoTree.a */; };
		D32164A5172C18B600573823 /* InfoPlist.strings in Resources */ = {isa = PBXBuildFile; fileRef = D32164A3172C18B600573823 /* InfoPlist.strings */; };
		D32164A8172C18B600573823 /* AnnoTreeLibraryTests.m in Sources */ = {isa = PBXBuildFile; fileRef = D32164A7172C18B600573823 /* AnnoTreeLibraryTests.m */; };
		D32164AF172C190300573823 /* AnnotationView.m in Sources */ = {isa = PBXBuildFile; fileRef = D3AAA1F517002C4400954DDF /* AnnotationView.m */; };
		D32164B0172C190300573823 /* ShareViewController.m in Sources */ = {isa = PBXBuildFile; fileRef = D314C669171B2D7700BA9B2F /* ShareViewController.m */; };
		D32164B1172C190300573823 /* ToolbarBg.m in Sources */ = {isa = PBXBuildFile; fileRef = D3D53FF2171A194500552253 /* ToolbarBg.m */; };
		D32164B2172C190300573823 /* AnnoTree.m in Sources */ = {isa = PBXBuildFile; fileRef = D3AAA1EE170018EE00954DDF /* AnnoTree.m */; };
		D32164C3172C207C00573823 /* AnnoTree.h in Headers */ = {isa = PBXBuildFile; fileRef = D3AAA1ED170018EE00954DDF /* AnnoTree.h */; settings = {ATTRIBUTES = (Public, ); }; };
		D32164C4172C21BC00573823 /* AnnotationView.h in Headers */ = {isa = PBXBuildFile; fileRef = D3AAA1F417002C4400954DDF /* AnnotationView.h */; settings = {ATTRIBUTES = (Public, ); }; };
		D32164C5172C21BC00573823 /* ShareViewController.h in Headers */ = {isa = PBXBuildFile; fileRef = D314C668171B2D7700BA9B2F /* ShareViewController.h */; settings = {ATTRIBUTES = (Public, ); }; };
		D32164C6172C21BC00573823 /* ToolbarBg.h in Headers */ = {isa = PBXBuildFile; fileRef = D3D53FF1171A194500552253 /* ToolbarBg.h */; settings = {ATTRIBUTES = (Public, ); }; };
		D36291041730465C00F08E8A /* UIWindowAnnoTree.m in Sources */ = {isa = PBXBuildFile; fileRef = D36291021730465C00F08E8A /* UIWindowAnnoTree.m */; };
		D362912F173067B000F08E8A /* UIWindowAnnoTree.h in Headers */ = {isa = PBXBuildFile; fileRef = D36291011730465C00F08E8A /* UIWindowAnnoTree.h */; settings = {ATTRIBUTES = (Public, ); }; };
		D3AAA1A717000FC300954DDF /* UIKit.framework in Frameworks */ = {isa = PBXBuildFile; fileRef = D3AAA1A617000FC300954DDF /* UIKit.framework */; };
		D3AAA1A917000FC300954DDF /* Foundation.framework in Frameworks */ = {isa = PBXBuildFile; fileRef = D3AAA1A817000FC300954DDF /* Foundation.framework */; };
		D3AAA1AB17000FC300954DDF /* CoreGraphics.framework in Frameworks */ = {isa = PBXBuildFile; fileRef = D3AAA1AA17000FC300954DDF /* CoreGraphics.framework */; };
		D3AAA1B117000FC300954DDF /* InfoPlist.strings in Resources */ = {isa = PBXBuildFile; fileRef = D3AAA1AF17000FC300954DDF /* InfoPlist.strings */; };
		D3AAA1B317000FC300954DDF /* main.m in Sources */ = {isa = PBXBuildFile; fileRef = D3AAA1B217000FC300954DDF /* main.m */; };
		D3AAA1B717000FC300954DDF /* AppDelegate.m in Sources */ = {isa = PBXBuildFile; fileRef = D3AAA1B617000FC300954DDF /* AppDelegate.m */; };
		D3AAA1C017000FC300954DDF /* MainStoryboard_iPhone.storyboard in Resources */ = {isa = PBXBuildFile; fileRef = D3AAA1BE17000FC300954DDF /* MainStoryboard_iPhone.storyboard */; };
		D3AAA1C317000FC300954DDF /* MainStoryboard_iPad.storyboard in Resources */ = {isa = PBXBuildFile; fileRef = D3AAA1C117000FC300954DDF /* MainStoryboard_iPad.storyboard */; };
		D3AAA1C617000FC300954DDF /* WebViewController.m in Sources */ = {isa = PBXBuildFile; fileRef = D3AAA1C517000FC300954DDF /* WebViewController.m */; };
		D3AAA1CE17000FC400954DDF /* SenTestingKit.framework in Frameworks */ = {isa = PBXBuildFile; fileRef = D3AAA1CD17000FC400954DDF /* SenTestingKit.framework */; };
		D3AAA1CF17000FC400954DDF /* UIKit.framework in Frameworks */ = {isa = PBXBuildFile; fileRef = D3AAA1A617000FC300954DDF /* UIKit.framework */; };
		D3AAA1D017000FC400954DDF /* Foundation.framework in Frameworks */ = {isa = PBXBuildFile; fileRef = D3AAA1A817000FC300954DDF /* Foundation.framework */; };
		D3AAA1D817000FC400954DDF /* InfoPlist.strings in Resources */ = {isa = PBXBuildFile; fileRef = D3AAA1D617000FC400954DDF /* InfoPlist.strings */; };
		D3AAA1DB17000FC400954DDF /* AnnoTree_ViewerTests.m in Sources */ = {isa = PBXBuildFile; fileRef = D3AAA1DA17000FC400954DDF /* AnnoTree_ViewerTests.m */; };
		D3E0AF57178F9026009BEEDF /* PencilIconToolbarSelected.png in Resources */ = {isa = PBXBuildFile; fileRef = D3A7658417810A000046C8D5 /* PencilIconToolbarSelected.png */; };
		D3E0AF58178F9026009BEEDF /* SelectIconToolbarSelected.png in Resources */ = {isa = PBXBuildFile; fileRef = D3A7658517810A000046C8D5 /* SelectIconToolbarSelected.png */; };
		D3E0AF59178F9026009BEEDF /* ShareIconToolbarSelected.png in Resources */ = {isa = PBXBuildFile; fileRef = D3A7658617810A000046C8D5 /* ShareIconToolbarSelected.png */; };
		D3E0AF5A178F9026009BEEDF /* TextIconToolbarSelected.png in Resources */ = {isa = PBXBuildFile; fileRef = D3A7658717810A000046C8D5 /* TextIconToolbarSelected.png */; };
		D3E0AF5B178F9026009BEEDF /* TextIconToolbar.png in Resources */ = {isa = PBXBuildFile; fileRef = D3A8B7861788A892006BE5E2 /* TextIconToolbar.png */; };
		D3E0AF5C178F9026009BEEDF /* PencilIconToolbar.png in Resources */ = {isa = PBXBuildFile; fileRef = D3A7658817810A110046C8D5 /* PencilIconToolbar.png */; };
		D3E0AF5D178F9026009BEEDF /* SelectIconToolbar.png in Resources */ = {isa = PBXBuildFile; fileRef = D3A7658A17810A110046C8D5 /* SelectIconToolbar.png */; };
		D3E0AF5E178F9026009BEEDF /* ShareIconToolbar.png in Resources */ = {isa = PBXBuildFile; fileRef = D3A7658B17810A110046C8D5 /* ShareIconToolbar.png */; };
		D3E0AF71178FC45E009BEEDF /* Default-568h@2x.png in Resources */ = {isa = PBXBuildFile; fileRef = D3A7658D17810B440046C8D5 /* Default-568h@2x.png */; };
		D3E0AF72178FC45E009BEEDF /* Default.png in Resources */ = {isa = PBXBuildFile; fileRef = D3A7659017810B440046C8D5 /* Default.png */; };
		D3E0AF73178FC45E009BEEDF /* Default@2x.png in Resources */ = {isa = PBXBuildFile; fileRef = D3A7659117810B440046C8D5 /* Default@2x.png */; };
		D3E0AF74178FC690009BEEDF /* Icon-72.png in Resources */ = {isa = PBXBuildFile; fileRef = D3A7659217810C6A0046C8D5 /* Icon-72.png */; };
		D3E0AF75178FC690009BEEDF /* Icon-Small-50.png in Resources */ = {isa = PBXBuildFile; fileRef = D3A7659317810C6A0046C8D5 /* Icon-Small-50.png */; };
		D3E0AF76178FC690009BEEDF /* Icon-Small.png in Resources */ = {isa = PBXBuildFile; fileRef = D3A7659417810C6A0046C8D5 /* Icon-Small.png */; };
		D3E0AF77178FC690009BEEDF /* Icon-Small@2x.png in Resources */ = {isa = PBXBuildFile; fileRef = D3A7659517810C6A0046C8D5 /* Icon-Small@2x.png */; };
		D3E0AF78178FC690009BEEDF /* Icon.png in Resources */ = {isa = PBXBuildFile; fileRef = D3A7659617810C6A0046C8D5 /* Icon.png */; };
		D3E0AF79178FC690009BEEDF /* Icon@2x.png in Resources */ = {isa = PBXBuildFile; fileRef = D3A7659717810C6A0046C8D5 /* Icon@2x.png */; };
		D3E0AFA617903BAC009BEEDF /* AnnoTreeLogo.png in Resources */ = {isa = PBXBuildFile; fileRef = D3A7658C17810A1F0046C8D5 /* AnnoTreeLogo.png */; };
/* End PBXBuildFile section */

/* Begin PBXContainerItemProxy section */
		D3180C13176182F100A6B8E0 /* PBXContainerItemProxy */ = {
			isa = PBXContainerItemProxy;
			containerPortal = D3AAA19B17000FC300954DDF /* Project object */;
			proxyType = 1;
			remoteGlobalIDString = D321648A172C18B500573823;
			remoteInfo = AnnoTreeLibrary;
		};
		D3180C3C1761852900A6B8E0 /* PBXContainerItemProxy */ = {
			isa = PBXContainerItemProxy;
			containerPortal = D3AAA19B17000FC300954DDF /* Project object */;
			proxyType = 1;
			remoteGlobalIDString = D3180C24176184B300A6B8E0;
			remoteInfo = AnnoTreeResources;
		};
		D3180C3E1761859F00A6B8E0 /* PBXContainerItemProxy */ = {
			isa = PBXContainerItemProxy;
			containerPortal = D3AAA19B17000FC300954DDF /* Project object */;
			proxyType = 1;
			remoteGlobalIDString = D3180C24176184B300A6B8E0;
			remoteInfo = AnnoTreeResources;
		};
		D321649D172C18B600573823 /* PBXContainerItemProxy */ = {
			isa = PBXContainerItemProxy;
			containerPortal = D3AAA19B17000FC300954DDF /* Project object */;
			proxyType = 1;
			remoteGlobalIDString = D321648A172C18B500573823;
			remoteInfo = AnnoTreeLibrary;
		};
		D3AAA1D117000FC400954DDF /* PBXContainerItemProxy */ = {
			isa = PBXContainerItemProxy;
			containerPortal = D3AAA19B17000FC300954DDF /* Project object */;
			proxyType = 1;
			remoteGlobalIDString = D3AAA1A217000FC300954DDF;
			remoteInfo = "AnnoTree Viewer";
		};
/* End PBXContainerItemProxy section */

/* Begin PBXCopyFilesBuildPhase section */
		D3180C161761840800A6B8E0 /* CopyFiles */ = {
			isa = PBXCopyFilesBuildPhase;
			buildActionMask = 2147483647;
			dstPath = "";
			dstSubfolderSpec = 7;
			files = (
			);
			runOnlyForDeploymentPostprocessing = 0;
		};
		D3216489172C18B500573823 /* CopyFiles */ = {
			isa = PBXCopyFilesBuildPhase;
			buildActionMask = 2147483647;
			dstPath = "include/${PRODUCT_NAME}";
			dstSubfolderSpec = 16;
			files = (
			);
			runOnlyForDeploymentPostprocessing = 0;
		};
/* End PBXCopyFilesBuildPhase section */

/* Begin PBXFileReference section */
		2787592217AEA8B5002F5A26 /* AnnoTree.bundle */ = {isa = PBXFileReference; lastKnownFileType = "wrapper.plug-in"; name = AnnoTree.bundle; path = "../../../../../Library/Developer/Xcode/DerivedData/AnnoTree_Viewer-amwqjvzfpjsmpaewhyubzhmzswiq/Build/Products/Debug-iphoneos/AnnoTree.bundle"; sourceTree = "<group>"; };
		2787592417AEA96D002F5A26 /* AnnoTree.framework */ = {isa = PBXFileReference; lastKnownFileType = wrapper.framework; name = AnnoTree.framework; path = "../../../../Library/Developer/Xcode/DerivedData/AnnoTree_Viewer-amwqjvzfpjsmpaewhyubzhmzswiq/Build/Products/Debug-iphoneos/AnnoTree.framework"; sourceTree = "<group>"; };
		D314C668171B2D7700BA9B2F /* ShareViewController.h */ = {isa = PBXFileReference; fileEncoding = 4; lastKnownFileType = sourcecode.c.h; path = ShareViewController.h; sourceTree = "<group>"; };
		D314C669171B2D7700BA9B2F /* ShareViewController.m */ = {isa = PBXFileReference; fileEncoding = 4; lastKnownFileType = sourcecode.c.objc; path = ShareViewController.m; sourceTree = "<group>"; };
		D314C686171B412800BA9B2F /* Default-Landscape@2x~ipad.png */ = {isa = PBXFileReference; lastKnownFileType = image.png; name = "Default-Landscape@2x~ipad.png"; path = "../Default-Landscape@2x~ipad.png"; sourceTree = "<group>"; };
		D314C688171B413400BA9B2F /* Default-Portrait@2x~ipad.png */ = {isa = PBXFileReference; lastKnownFileType = image.png; name = "Default-Portrait@2x~ipad.png"; path = "../Default-Portrait@2x~ipad.png"; sourceTree = "<group>"; };
		D3180C25176184B300A6B8E0 /* AnnoTree.bundle */ = {isa = PBXFileReference; explicitFileType = wrapper.cfbundle; includeInIndex = 0; path = AnnoTree.bundle; sourceTree = BUILT_PRODUCTS_DIR; };
		D3180C26176184B300A6B8E0 /* CoreFoundation.framework */ = {isa = PBXFileReference; lastKnownFileType = wrapper.framework; name = CoreFoundation.framework; path = System/Library/Frameworks/CoreFoundation.framework; sourceTree = SDKROOT; };
		D3180C2A176184B300A6B8E0 /* AnnoTreeResources-Info.plist */ = {isa = PBXFileReference; lastKnownFileType = text.plist.xml; path = "AnnoTreeResources-Info.plist"; sourceTree = "<group>"; };
		D3180C2C176184B300A6B8E0 /* en */ = {isa = PBXFileReference; lastKnownFileType = text.plist.strings; name = en; path = en.lproj/InfoPlist.strings; sourceTree = "<group>"; };
		D3180C2E176184B300A6B8E0 /* AnnoTreeResources-Prefix.pch */ = {isa = PBXFileReference; lastKnownFileType = sourcecode.c.h; path = "AnnoTreeResources-Prefix.pch"; sourceTree = "<group>"; };
		D3180C481761969800A6B8E0 /* AnnotationViewController.h */ = {isa = PBXFileReference; fileEncoding = 4; lastKnownFileType = sourcecode.c.h; path = AnnotationViewController.h; sourceTree = "<group>"; };
		D3180C491761969800A6B8E0 /* AnnotationViewController.m */ = {isa = PBXFileReference; fileEncoding = 4; lastKnownFileType = sourcecode.c.objc; path = AnnotationViewController.m; sourceTree = "<group>"; };
		D3180C5A1764FF5A00A6B8E0 /* OpenGLES.framework */ = {isa = PBXFileReference; lastKnownFileType = wrapper.framework; name = OpenGLES.framework; path = System/Library/Frameworks/OpenGLES.framework; sourceTree = SDKROOT; };
		D321648B172C18B500573823 /* libAnnoTree.a */ = {isa = PBXFileReference; explicitFileType = archive.ar; includeInIndex = 0; path = libAnnoTree.a; sourceTree = BUILT_PRODUCTS_DIR; };
		D321648F172C18B500573823 /* AnnoTreeLibrary-Prefix.pch */ = {isa = PBXFileReference; lastKnownFileType = sourcecode.c.h; path = "AnnoTreeLibrary-Prefix.pch"; sourceTree = "<group>"; };
		D3216490172C18B500573823 /* AnnoTreeLibrary.h */ = {isa = PBXFileReference; lastKnownFileType = sourcecode.c.h; path = AnnoTreeLibrary.h; sourceTree = "<group>"; };
		D3216492172C18B500573823 /* AnnoTreeLibrary.m */ = {isa = PBXFileReference; lastKnownFileType = sourcecode.c.objc; path = AnnoTreeLibrary.m; sourceTree = "<group>"; };
		D3216499172C18B600573823 /* AnnoTreeTests.octest */ = {isa = PBXFileReference; explicitFileType = wrapper.cfbundle; includeInIndex = 0; path = AnnoTreeTests.octest; sourceTree = BUILT_PRODUCTS_DIR; };
		D32164A2172C18B600573823 /* AnnoTreeLibraryTests-Info.plist */ = {isa = PBXFileReference; lastKnownFileType = text.plist.xml; path = "AnnoTreeLibraryTests-Info.plist"; sourceTree = "<group>"; };
		D32164A4172C18B600573823 /* en */ = {isa = PBXFileReference; lastKnownFileType = text.plist.strings; name = en; path = en.lproj/InfoPlist.strings; sourceTree = "<group>"; };
		D32164A6172C18B600573823 /* AnnoTreeLibraryTests.h */ = {isa = PBXFileReference; lastKnownFileType = sourcecode.c.h; path = AnnoTreeLibraryTests.h; sourceTree = "<group>"; };
		D32164A7172C18B600573823 /* AnnoTreeLibraryTests.m */ = {isa = PBXFileReference; lastKnownFileType = sourcecode.c.objc; path = AnnoTreeLibraryTests.m; sourceTree = "<group>"; };
		D36291011730465C00F08E8A /* UIWindowAnnoTree.h */ = {isa = PBXFileReference; fileEncoding = 4; lastKnownFileType = sourcecode.c.h; path = UIWindowAnnoTree.h; sourceTree = "<group>"; };
		D36291021730465C00F08E8A /* UIWindowAnnoTree.m */ = {isa = PBXFileReference; fileEncoding = 4; lastKnownFileType = sourcecode.c.objc; path = UIWindowAnnoTree.m; sourceTree = "<group>"; };
		D3A7658417810A000046C8D5 /* PencilIconToolbarSelected.png */ = {isa = PBXFileReference; lastKnownFileType = image.png; name = PencilIconToolbarSelected.png; path = AnnoTreeResources/PencilIconToolbarSelected.png; sourceTree = SOURCE_ROOT; };
		D3A7658517810A000046C8D5 /* SelectIconToolbarSelected.png */ = {isa = PBXFileReference; lastKnownFileType = image.png; name = SelectIconToolbarSelected.png; path = AnnoTreeResources/SelectIconToolbarSelected.png; sourceTree = SOURCE_ROOT; };
		D3A7658617810A000046C8D5 /* ShareIconToolbarSelected.png */ = {isa = PBXFileReference; lastKnownFileType = image.png; name = ShareIconToolbarSelected.png; path = AnnoTreeResources/ShareIconToolbarSelected.png; sourceTree = SOURCE_ROOT; };
		D3A7658717810A000046C8D5 /* TextIconToolbarSelected.png */ = {isa = PBXFileReference; lastKnownFileType = image.png; name = TextIconToolbarSelected.png; path = AnnoTreeResources/TextIconToolbarSelected.png; sourceTree = SOURCE_ROOT; };
		D3A7658817810A110046C8D5 /* PencilIconToolbar.png */ = {isa = PBXFileReference; lastKnownFileType = image.png; name = PencilIconToolbar.png; path = AnnoTreeResources/PencilIconToolbar.png; sourceTree = SOURCE_ROOT; };
		D3A7658917810A110046C8D5 /* RecordIconToolbar.png */ = {isa = PBXFileReference; lastKnownFileType = image.png; name = RecordIconToolbar.png; path = AnnoTreeResources/RecordIconToolbar.png; sourceTree = SOURCE_ROOT; };
		D3A7658A17810A110046C8D5 /* SelectIconToolbar.png */ = {isa = PBXFileReference; lastKnownFileType = image.png; name = SelectIconToolbar.png; path = AnnoTreeResources/SelectIconToolbar.png; sourceTree = SOURCE_ROOT; };
		D3A7658B17810A110046C8D5 /* ShareIconToolbar.png */ = {isa = PBXFileReference; lastKnownFileType = image.png; name = ShareIconToolbar.png; path = AnnoTreeResources/ShareIconToolbar.png; sourceTree = SOURCE_ROOT; };
		D3A7658C17810A1F0046C8D5 /* AnnoTreeLogo.png */ = {isa = PBXFileReference; lastKnownFileType = image.png; name = AnnoTreeLogo.png; path = AnnoTreeResources/AnnoTreeLogo.png; sourceTree = SOURCE_ROOT; };
		D3A7658D17810B440046C8D5 /* Default-568h@2x.png */ = {isa = PBXFileReference; lastKnownFileType = image.png; name = "Default-568h@2x.png"; path = "AnnoTreeResources/Default-568h@2x.png"; sourceTree = SOURCE_ROOT; };
		D3A7658E17810B440046C8D5 /* Default-Landscape.png */ = {isa = PBXFileReference; lastKnownFileType = image.png; name = "Default-Landscape.png"; path = "AnnoTreeResources/Default-Landscape.png"; sourceTree = SOURCE_ROOT; };
		D3A7658F17810B440046C8D5 /* Default-Portrait.png */ = {isa = PBXFileReference; lastKnownFileType = image.png; name = "Default-Portrait.png"; path = "AnnoTreeResources/Default-Portrait.png"; sourceTree = SOURCE_ROOT; };
		D3A7659017810B440046C8D5 /* Default.png */ = {isa = PBXFileReference; lastKnownFileType = image.png; name = Default.png; path = AnnoTreeResources/Default.png; sourceTree = SOURCE_ROOT; };
		D3A7659117810B440046C8D5 /* Default@2x.png */ = {isa = PBXFileReference; lastKnownFileType = image.png; name = "Default@2x.png"; path = "AnnoTreeResources/Default@2x.png"; sourceTree = SOURCE_ROOT; };
		D3A7659217810C6A0046C8D5 /* Icon-72.png */ = {isa = PBXFileReference; lastKnownFileType = image.png; name = "Icon-72.png"; path = "AnnoTreeResources/Icon-72.png"; sourceTree = SOURCE_ROOT; };
		D3A7659317810C6A0046C8D5 /* Icon-Small-50.png */ = {isa = PBXFileReference; lastKnownFileType = image.png; name = "Icon-Small-50.png"; path = "AnnoTreeResources/Icon-Small-50.png"; sourceTree = SOURCE_ROOT; };
		D3A7659417810C6A0046C8D5 /* Icon-Small.png */ = {isa = PBXFileReference; lastKnownFileType = image.png; name = "Icon-Small.png"; path = "AnnoTreeResources/Icon-Small.png"; sourceTree = SOURCE_ROOT; };
		D3A7659517810C6A0046C8D5 /* Icon-Small@2x.png */ = {isa = PBXFileReference; lastKnownFileType = image.png; name = "Icon-Small@2x.png"; path = "AnnoTreeResources/Icon-Small@2x.png"; sourceTree = SOURCE_ROOT; };
		D3A7659617810C6A0046C8D5 /* Icon.png */ = {isa = PBXFileReference; lastKnownFileType = image.png; name = Icon.png; path = AnnoTreeResources/Icon.png; sourceTree = SOURCE_ROOT; };
		D3A7659717810C6A0046C8D5 /* Icon@2x.png */ = {isa = PBXFileReference; lastKnownFileType = image.png; name = "Icon@2x.png"; path = "AnnoTreeResources/Icon@2x.png"; sourceTree = SOURCE_ROOT; };
		D3A8B7861788A892006BE5E2 /* TextIconToolbar.png */ = {isa = PBXFileReference; lastKnownFileType = image.png; name = TextIconToolbar.png; path = AnnoTreeResources/TextIconToolbar.png; sourceTree = SOURCE_ROOT; };
		D3AAA1A317000FC300954DDF /* AnnoTree Viewer.app */ = {isa = PBXFileReference; explicitFileType = wrapper.application; includeInIndex = 0; path = "AnnoTree Viewer.app"; sourceTree = BUILT_PRODUCTS_DIR; };
		D3AAA1A617000FC300954DDF /* UIKit.framework */ = {isa = PBXFileReference; lastKnownFileType = wrapper.framework; name = UIKit.framework; path = System/Library/Frameworks/UIKit.framework; sourceTree = SDKROOT; };
		D3AAA1A817000FC300954DDF /* Foundation.framework */ = {isa = PBXFileReference; lastKnownFileType = wrapper.framework; name = Foundation.framework; path = System/Library/Frameworks/Foundation.framework; sourceTree = SDKROOT; };
		D3AAA1AA17000FC300954DDF /* CoreGraphics.framework */ = {isa = PBXFileReference; lastKnownFileType = wrapper.framework; name = CoreGraphics.framework; path = System/Library/Frameworks/CoreGraphics.framework; sourceTree = SDKROOT; };
		D3AAA1AE17000FC300954DDF /* AnnoTree Viewer-Info.plist */ = {isa = PBXFileReference; lastKnownFileType = text.plist.xml; path = "AnnoTree Viewer-Info.plist"; sourceTree = "<group>"; };
		D3AAA1B017000FC300954DDF /* en */ = {isa = PBXFileReference; lastKnownFileType = text.plist.strings; name = en; path = en.lproj/InfoPlist.strings; sourceTree = "<group>"; };
		D3AAA1B217000FC300954DDF /* main.m */ = {isa = PBXFileReference; lastKnownFileType = sourcecode.c.objc; path = main.m; sourceTree = "<group>"; };
		D3AAA1B417000FC300954DDF /* AnnoTree Viewer-Prefix.pch */ = {isa = PBXFileReference; lastKnownFileType = sourcecode.c.h; path = "AnnoTree Viewer-Prefix.pch"; sourceTree = "<group>"; };
		D3AAA1B517000FC300954DDF /* AppDelegate.h */ = {isa = PBXFileReference; lastKnownFileType = sourcecode.c.h; path = AppDelegate.h; sourceTree = "<group>"; };
		D3AAA1B617000FC300954DDF /* AppDelegate.m */ = {isa = PBXFileReference; lastKnownFileType = sourcecode.c.objc; path = AppDelegate.m; sourceTree = "<group>"; };
		D3AAA1BF17000FC300954DDF /* en */ = {isa = PBXFileReference; lastKnownFileType = file.storyboard; name = en; path = en.lproj/MainStoryboard_iPhone.storyboard; sourceTree = "<group>"; };
		D3AAA1C217000FC300954DDF /* en */ = {isa = PBXFileReference; lastKnownFileType = file.storyboard; name = en; path = en.lproj/MainStoryboard_iPad.storyboard; sourceTree = "<group>"; };
		D3AAA1C417000FC300954DDF /* WebViewController.h */ = {isa = PBXFileReference; lastKnownFileType = sourcecode.c.h; path = WebViewController.h; sourceTree = "<group>"; };
		D3AAA1C517000FC300954DDF /* WebViewController.m */ = {isa = PBXFileReference; lastKnownFileType = sourcecode.c.objc; path = WebViewController.m; sourceTree = "<group>"; };
		D3AAA1CC17000FC400954DDF /* AnnoTree ViewerTests.octest */ = {isa = PBXFileReference; explicitFileType = wrapper.cfbundle; includeInIndex = 0; path = "AnnoTree ViewerTests.octest"; sourceTree = BUILT_PRODUCTS_DIR; };
		D3AAA1CD17000FC400954DDF /* SenTestingKit.framework */ = {isa = PBXFileReference; lastKnownFileType = wrapper.framework; name = SenTestingKit.framework; path = Library/Frameworks/SenTestingKit.framework; sourceTree = DEVELOPER_DIR; };
		D3AAA1D517000FC400954DDF /* AnnoTree ViewerTests-Info.plist */ = {isa = PBXFileReference; lastKnownFileType = text.plist.xml; path = "AnnoTree ViewerTests-Info.plist"; sourceTree = "<group>"; };
		D3AAA1D717000FC400954DDF /* en */ = {isa = PBXFileReference; lastKnownFileType = text.plist.strings; name = en; path = en.lproj/InfoPlist.strings; sourceTree = "<group>"; };
		D3AAA1D917000FC400954DDF /* AnnoTree_ViewerTests.h */ = {isa = PBXFileReference; lastKnownFileType = sourcecode.c.h; path = AnnoTree_ViewerTests.h; sourceTree = "<group>"; };
		D3AAA1DA17000FC400954DDF /* AnnoTree_ViewerTests.m */ = {isa = PBXFileReference; lastKnownFileType = sourcecode.c.objc; path = AnnoTree_ViewerTests.m; sourceTree = "<group>"; };
		D3AAA1ED170018EE00954DDF /* AnnoTree.h */ = {isa = PBXFileReference; fileEncoding = 4; lastKnownFileType = sourcecode.c.h; path = AnnoTree.h; sourceTree = "<group>"; };
		D3AAA1EE170018EE00954DDF /* AnnoTree.m */ = {isa = PBXFileReference; fileEncoding = 4; lastKnownFileType = sourcecode.c.objc; path = AnnoTree.m; sourceTree = "<group>"; };
		D3AAA1F417002C4400954DDF /* AnnotationView.h */ = {isa = PBXFileReference; fileEncoding = 4; lastKnownFileType = sourcecode.c.h; path = AnnotationView.h; sourceTree = "<group>"; };
		D3AAA1F517002C4400954DDF /* AnnotationView.m */ = {isa = PBXFileReference; fileEncoding = 4; lastKnownFileType = sourcecode.c.objc; path = AnnotationView.m; sourceTree = "<group>"; };
		D3D53FF1171A194500552253 /* ToolbarBg.h */ = {isa = PBXFileReference; fileEncoding = 4; lastKnownFileType = sourcecode.c.h; path = ToolbarBg.h; sourceTree = "<group>"; };
		D3D53FF2171A194500552253 /* ToolbarBg.m */ = {isa = PBXFileReference; fileEncoding = 4; lastKnownFileType = sourcecode.c.objc; path = ToolbarBg.m; sourceTree = "<group>"; };
/* End PBXFileReference section */

/* Begin PBXFrameworksBuildPhase section */
		D3180C22176184B300A6B8E0 /* Frameworks */ = {
			isa = PBXFrameworksBuildPhase;
			buildActionMask = 2147483647;
			files = (
				D3180C27176184B300A6B8E0 /* CoreFoundation.framework in Frameworks */,
			);
			runOnlyForDeploymentPostprocessing = 0;
		};
		D3216488172C18B500573823 /* Frameworks */ = {
			isa = PBXFrameworksBuildPhase;
			buildActionMask = 2147483647;
			files = (
				D3180C5B1764FF5A00A6B8E0 /* OpenGLES.framework in Frameworks */,
				D321648C172C18B500573823 /* Foundation.framework in Frameworks */,
			);
			runOnlyForDeploymentPostprocessing = 0;
		};
		D3216495172C18B600573823 /* Frameworks */ = {
			isa = PBXFrameworksBuildPhase;
			buildActionMask = 2147483647;
			files = (
				D321649A172C18B600573823 /* SenTestingKit.framework in Frameworks */,
				D321649B172C18B600573823 /* UIKit.framework in Frameworks */,
				D321649C172C18B600573823 /* Foundation.framework in Frameworks */,
				D321649F172C18B600573823 /* libAnnoTree.a in Frameworks */,
			);
			runOnlyForDeploymentPostprocessing = 0;
		};
		D3AAA1A017000FC300954DDF /* Frameworks */ = {
			isa = PBXFrameworksBuildPhase;
			buildActionMask = 2147483647;
			files = (
				D3180C5C1765009C00A6B8E0 /* OpenGLES.framework in Frameworks */,
				D3AAA1A717000FC300954DDF /* UIKit.framework in Frameworks */,
				D3AAA1A917000FC300954DDF /* Foundation.framework in Frameworks */,
				D3AAA1AB17000FC300954DDF /* CoreGraphics.framework in Frameworks */,
				2787592517AEA96D002F5A26 /* AnnoTree.framework in Frameworks */,
			);
			runOnlyForDeploymentPostprocessing = 0;
		};
		D3AAA1C817000FC400954DDF /* Frameworks */ = {
			isa = PBXFrameworksBuildPhase;
			buildActionMask = 2147483647;
			files = (
				D3AAA1CE17000FC400954DDF /* SenTestingKit.framework in Frameworks */,
				D3AAA1CF17000FC400954DDF /* UIKit.framework in Frameworks */,
				D3AAA1D017000FC400954DDF /* Foundation.framework in Frameworks */,
			);
			runOnlyForDeploymentPostprocessing = 0;
		};
/* End PBXFrameworksBuildPhase section */

/* Begin PBXGroup section */
		D314C662171B282900BA9B2F /* ToolBarIcons */ = {
			isa = PBXGroup;
			children = (
				D3A7658C17810A1F0046C8D5 /* AnnoTreeLogo.png */,
				D314C664171B283700BA9B2F /* Selected */,
				D314C663171B283100BA9B2F /* Default */,
			);
			name = ToolBarIcons;
			sourceTree = "<group>";
		};
		D314C663171B283100BA9B2F /* Default */ = {
			isa = PBXGroup;
			children = (
				D3A8B7861788A892006BE5E2 /* TextIconToolbar.png */,
				D3A7658817810A110046C8D5 /* PencilIconToolbar.png */,
				D3A7658917810A110046C8D5 /* RecordIconToolbar.png */,
				D3A7658A17810A110046C8D5 /* SelectIconToolbar.png */,
				D3A7658B17810A110046C8D5 /* ShareIconToolbar.png */,
			);
			name = Default;
			sourceTree = "<group>";
		};
		D314C664171B283700BA9B2F /* Selected */ = {
			isa = PBXGroup;
			children = (
				D3A7658417810A000046C8D5 /* PencilIconToolbarSelected.png */,
				D3A7658517810A000046C8D5 /* SelectIconToolbarSelected.png */,
				D3A7658617810A000046C8D5 /* ShareIconToolbarSelected.png */,
				D3A7658717810A000046C8D5 /* TextIconToolbarSelected.png */,
			);
			name = Selected;
			sourceTree = "<group>";
		};
		D314C665171B2D2700BA9B2F /* SharePage */ = {
			isa = PBXGroup;
			children = (
				D314C668171B2D7700BA9B2F /* ShareViewController.h */,
				D314C669171B2D7700BA9B2F /* ShareViewController.m */,
			);
			name = SharePage;
			sourceTree = "<group>";
		};
		D314C666171B2D4200BA9B2F /* ToolbarActions */ = {
			isa = PBXGroup;
			children = (
				D314C667171B2D5A00BA9B2F /* Annotations */,
				D314C665171B2D2700BA9B2F /* SharePage */,
			);
			name = ToolbarActions;
			sourceTree = "<group>";
		};
		D314C667171B2D5A00BA9B2F /* Annotations */ = {
			isa = PBXGroup;
			children = (
				D3AAA1F417002C4400954DDF /* AnnotationView.h */,
				D3AAA1F517002C4400954DDF /* AnnotationView.m */,
				D3180C481761969800A6B8E0 /* AnnotationViewController.h */,
				D3180C491761969800A6B8E0 /* AnnotationViewController.m */,
			);
			name = Annotations;
			sourceTree = "<group>";
		};
		D314C66F171B3D7C00BA9B2F /* Icon */ = {
			isa = PBXGroup;
			children = (
				D3A7659217810C6A0046C8D5 /* Icon-72.png */,
				D3A7659317810C6A0046C8D5 /* Icon-Small-50.png */,
				D3A7659417810C6A0046C8D5 /* Icon-Small.png */,
				D3A7659517810C6A0046C8D5 /* Icon-Small@2x.png */,
				D3A7659617810C6A0046C8D5 /* Icon.png */,
				D3A7659717810C6A0046C8D5 /* Icon@2x.png */,
			);
			name = Icon;
			sourceTree = "<group>";
		};
		D3180C28176184B300A6B8E0 /* AnnoTreeResources */ = {
			isa = PBXGroup;
			children = (
				D3180C29176184B300A6B8E0 /* Supporting Files */,
			);
			path = AnnoTreeResources;
			sourceTree = "<group>";
		};
		D3180C29176184B300A6B8E0 /* Supporting Files */ = {
			isa = PBXGroup;
			children = (
				D3180C2A176184B300A6B8E0 /* AnnoTreeResources-Info.plist */,
				D3180C2B176184B300A6B8E0 /* InfoPlist.strings */,
				D3180C2E176184B300A6B8E0 /* AnnoTreeResources-Prefix.pch */,
			);
			name = "Supporting Files";
			sourceTree = "<group>";
		};
		D321648D172C18B500573823 /* AnnoTreeLibrary */ = {
			isa = PBXGroup;
			children = (
				D3216490172C18B500573823 /* AnnoTreeLibrary.h */,
				D3216492172C18B500573823 /* AnnoTreeLibrary.m */,
				D321648E172C18B500573823 /* Supporting Files */,
			);
			path = AnnoTreeLibrary;
			sourceTree = "<group>";
		};
		D321648E172C18B500573823 /* Supporting Files */ = {
			isa = PBXGroup;
			children = (
				D321648F172C18B500573823 /* AnnoTreeLibrary-Prefix.pch */,
			);
			name = "Supporting Files";
			sourceTree = "<group>";
		};
		D32164A0172C18B600573823 /* AnnoTreeLibraryTests */ = {
			isa = PBXGroup;
			children = (
				D32164A6172C18B600573823 /* AnnoTreeLibraryTests.h */,
				D32164A7172C18B600573823 /* AnnoTreeLibraryTests.m */,
				D32164A1172C18B600573823 /* Supporting Files */,
			);
			path = AnnoTreeLibraryTests;
			sourceTree = "<group>";
		};
		D32164A1172C18B600573823 /* Supporting Files */ = {
			isa = PBXGroup;
			children = (
				D32164A2172C18B600573823 /* AnnoTreeLibraryTests-Info.plist */,
				D32164A3172C18B600573823 /* InfoPlist.strings */,
			);
			name = "Supporting Files";
			sourceTree = "<group>";
		};
		D3AAA19A17000FC300954DDF = {
			isa = PBXGroup;
			children = (
				D3180C5A1764FF5A00A6B8E0 /* OpenGLES.framework */,
				D3AAA1AC17000FC300954DDF /* AnnoTree Viewer */,
				D3AAA1D317000FC400954DDF /* AnnoTree ViewerTests */,
				D321648D172C18B500573823 /* AnnoTreeLibrary */,
				D32164A0172C18B600573823 /* AnnoTreeLibraryTests */,
				D3180C28176184B300A6B8E0 /* AnnoTreeResources */,
				D3AAA1A517000FC300954DDF /* Frameworks */,
				D3AAA1A417000FC300954DDF /* Products */,
			);
			sourceTree = "<group>";
		};
		D3AAA1A417000FC300954DDF /* Products */ = {
			isa = PBXGroup;
			children = (
				D3AAA1A317000FC300954DDF /* AnnoTree Viewer.app */,
				D3AAA1CC17000FC400954DDF /* AnnoTree ViewerTests.octest */,
				D321648B172C18B500573823 /* libAnnoTree.a */,
				D3216499172C18B600573823 /* AnnoTreeTests.octest */,
				D3180C25176184B300A6B8E0 /* AnnoTree.bundle */,
			);
			name = Products;
			sourceTree = "<group>";
		};
		D3AAA1A517000FC300954DDF /* Frameworks */ = {
			isa = PBXGroup;
			children = (
				2787592417AEA96D002F5A26 /* AnnoTree.framework */,
				D3AAA1A617000FC300954DDF /* UIKit.framework */,
				D3AAA1A817000FC300954DDF /* Foundation.framework */,
				D3AAA1AA17000FC300954DDF /* CoreGraphics.framework */,
				D3AAA1CD17000FC400954DDF /* SenTestingKit.framework */,
				D3180C26176184B300A6B8E0 /* CoreFoundation.framework */,
			);
			name = Frameworks;
			sourceTree = "<group>";
		};
		D3AAA1AC17000FC300954DDF /* AnnoTree Viewer */ = {
			isa = PBXGroup;
			children = (
				2787592217AEA8B5002F5A26 /* AnnoTree.bundle */,
				D3AAA1E71700186400954DDF /* AnnoTree */,
				D3AAA1B517000FC300954DDF /* AppDelegate.h */,
				D3AAA1B617000FC300954DDF /* AppDelegate.m */,
				D3AAA1BE17000FC300954DDF /* MainStoryboard_iPhone.storyboard */,
				D3AAA1C117000FC300954DDF /* MainStoryboard_iPad.storyboard */,
				D3AAA1C417000FC300954DDF /* WebViewController.h */,
				D3AAA1C517000FC300954DDF /* WebViewController.m */,
				D3AAA1AD17000FC300954DDF /* Supporting Files */,
			);
			path = "AnnoTree Viewer";
			sourceTree = "<group>";
		};
		D3AAA1AD17000FC300954DDF /* Supporting Files */ = {
			isa = PBXGroup;
			children = (
				D3A7658D17810B440046C8D5 /* Default-568h@2x.png */,
				D3A7658E17810B440046C8D5 /* Default-Landscape.png */,
				D3A7658F17810B440046C8D5 /* Default-Portrait.png */,
				D3A7659017810B440046C8D5 /* Default.png */,
				D3A7659117810B440046C8D5 /* Default@2x.png */,
				D3AAA1AE17000FC300954DDF /* AnnoTree Viewer-Info.plist */,
				D3AAA1AF17000FC300954DDF /* InfoPlist.strings */,
				D3AAA1B217000FC300954DDF /* main.m */,
				D3AAA1B417000FC300954DDF /* AnnoTree Viewer-Prefix.pch */,
				D314C688171B413400BA9B2F /* Default-Portrait@2x~ipad.png */,
				D314C686171B412800BA9B2F /* Default-Landscape@2x~ipad.png */,
			);
			name = "Supporting Files";
			sourceTree = "<group>";
		};
		D3AAA1D317000FC400954DDF /* AnnoTree ViewerTests */ = {
			isa = PBXGroup;
			children = (
				D3AAA1D917000FC400954DDF /* AnnoTree_ViewerTests.h */,
				D3AAA1DA17000FC400954DDF /* AnnoTree_ViewerTests.m */,
				D3AAA1D417000FC400954DDF /* Supporting Files */,
			);
			path = "AnnoTree ViewerTests";
			sourceTree = "<group>";
		};
		D3AAA1D417000FC400954DDF /* Supporting Files */ = {
			isa = PBXGroup;
			children = (
				D3AAA1D517000FC400954DDF /* AnnoTree ViewerTests-Info.plist */,
				D3AAA1D617000FC400954DDF /* InfoPlist.strings */,
			);
			name = "Supporting Files";
			sourceTree = "<group>";
		};
		D3AAA1E41700182B00954DDF /* Images */ = {
			isa = PBXGroup;
			children = (
				D314C66F171B3D7C00BA9B2F /* Icon */,
				D3D53FF1171A194500552253 /* ToolbarBg.h */,
				D3D53FF2171A194500552253 /* ToolbarBg.m */,
				D314C662171B282900BA9B2F /* ToolBarIcons */,
			);
			name = Images;
			sourceTree = "<group>";
		};
		D3AAA1E71700186400954DDF /* AnnoTree */ = {
			isa = PBXGroup;
			children = (
				D314C666171B2D4200BA9B2F /* ToolbarActions */,
				D3AAA1E41700182B00954DDF /* Images */,
				D3AAA1ED170018EE00954DDF /* AnnoTree.h */,
				D3AAA1EE170018EE00954DDF /* AnnoTree.m */,
				D36291011730465C00F08E8A /* UIWindowAnnoTree.h */,
				D36291021730465C00F08E8A /* UIWindowAnnoTree.m */,
			);
			name = AnnoTree;
			sourceTree = "<group>";
		};
/* End PBXGroup section */

/* Begin PBXHeadersBuildPhase section */
		D3180C0D1761812700A6B8E0 /* Headers */ = {
			isa = PBXHeadersBuildPhase;
			buildActionMask = 2147483647;
			files = (
				D32164C3172C207C00573823 /* AnnoTree.h in Headers */,
				D32164C4172C21BC00573823 /* AnnotationView.h in Headers */,
				D32164C6172C21BC00573823 /* ToolbarBg.h in Headers */,
				D362912F173067B000F08E8A /* UIWindowAnnoTree.h in Headers */,
				D32164C5172C21BC00573823 /* ShareViewController.h in Headers */,
				D3180C4A1761969900A6B8E0 /* AnnotationViewController.h in Headers */,
			);
			runOnlyForDeploymentPostprocessing = 0;
		};
/* End PBXHeadersBuildPhase section */

/* Begin PBXNativeTarget section */
		D3180C24176184B300A6B8E0 /* AnnoTreeResources */ = {
			isa = PBXNativeTarget;
			buildConfigurationList = D3180C2F176184B300A6B8E0 /* Build configuration list for PBXNativeTarget "AnnoTreeResources" */;
			buildPhases = (
				D3180C21176184B300A6B8E0 /* Sources */,
				D3180C22176184B300A6B8E0 /* Frameworks */,
				D3180C23176184B300A6B8E0 /* Resources */,
			);
			buildRules = (
			);
			dependencies = (
			);
			name = AnnoTreeResources;
			productName = AnnoTreeResources;
			productReference = D3180C25176184B300A6B8E0 /* AnnoTree.bundle */;
			productType = "com.apple.product-type.bundle";
		};
		D321648A172C18B500573823 /* AnnoTree */ = {
			isa = PBXNativeTarget;
			buildConfigurationList = D32164AD172C18B600573823 /* Build configuration list for PBXNativeTarget "AnnoTree" */;
			buildPhases = (
				D3216487172C18B500573823 /* Sources */,
				D3216488172C18B500573823 /* Frameworks */,
				D3216489172C18B500573823 /* CopyFiles */,
				D3180C0D1761812700A6B8E0 /* Headers */,
				D3180C0E1761824800A6B8E0 /* ShellScript */,
				D3180C161761840800A6B8E0 /* CopyFiles */,
			);
			buildRules = (
			);
			dependencies = (
				D3180C3F1761859F00A6B8E0 /* PBXTargetDependency */,
			);
			name = AnnoTree;
			productName = AnnoTreeLibrary;
			productReference = D321648B172C18B500573823 /* libAnnoTree.a */;
			productType = "com.apple.product-type.library.static";
		};
		D3216498172C18B600573823 /* AnnoTreeTests */ = {
			isa = PBXNativeTarget;
			buildConfigurationList = D32164AE172C18B600573823 /* Build configuration list for PBXNativeTarget "AnnoTreeTests" */;
			buildPhases = (
				D3216494172C18B600573823 /* Sources */,
				D3216495172C18B600573823 /* Frameworks */,
				D3216496172C18B600573823 /* Resources */,
				D3216497172C18B600573823 /* ShellScript */,
			);
			buildRules = (
			);
			dependencies = (
				D321649E172C18B600573823 /* PBXTargetDependency */,
			);
			name = AnnoTreeTests;
			productName = AnnoTreeLibraryTests;
			productReference = D3216499172C18B600573823 /* AnnoTreeTests.octest */;
			productType = "com.apple.product-type.bundle";
		};
		D3AAA1A217000FC300954DDF /* AnnoTree Viewer */ = {
			isa = PBXNativeTarget;
			buildConfigurationList = D3AAA1DE17000FC400954DDF /* Build configuration list for PBXNativeTarget "AnnoTree Viewer" */;
			buildPhases = (
				D3AAA19F17000FC300954DDF /* Sources */,
				D3AAA1A017000FC300954DDF /* Frameworks */,
				D3AAA1A117000FC300954DDF /* Resources */,
			);
			buildRules = (
			);
			dependencies = (
			);
			name = "AnnoTree Viewer";
			productName = "AnnoTree Viewer";
			productReference = D3AAA1A317000FC300954DDF /* AnnoTree Viewer.app */;
			productType = "com.apple.product-type.application";
		};
		D3AAA1CB17000FC400954DDF /* AnnoTree ViewerTests */ = {
			isa = PBXNativeTarget;
			buildConfigurationList = D3AAA1E117000FC400954DDF /* Build configuration list for PBXNativeTarget "AnnoTree ViewerTests" */;
			buildPhases = (
				D3AAA1C717000FC400954DDF /* Sources */,
				D3AAA1C817000FC400954DDF /* Frameworks */,
				D3AAA1C917000FC400954DDF /* Resources */,
				D3AAA1CA17000FC400954DDF /* ShellScript */,
			);
			buildRules = (
			);
			dependencies = (
				D3AAA1D217000FC400954DDF /* PBXTargetDependency */,
			);
			name = "AnnoTree ViewerTests";
			productName = "AnnoTree ViewerTests";
			productReference = D3AAA1CC17000FC400954DDF /* AnnoTree ViewerTests.octest */;
			productType = "com.apple.product-type.bundle";
		};
/* End PBXNativeTarget section */

/* Begin PBXProject section */
		D3AAA19B17000FC300954DDF /* Project object */ = {
			isa = PBXProject;
			attributes = {
				LastUpgradeCheck = 0500;
				ORGANIZATIONNAME = AnnoTree;
			};
			buildConfigurationList = D3AAA19E17000FC300954DDF /* Build configuration list for PBXProject "AnnoTree Viewer" */;
			compatibilityVersion = "Xcode 3.2";
			developmentRegion = English;
			hasScannedForEncodings = 0;
			knownRegions = (
				en,
			);
			mainGroup = D3AAA19A17000FC300954DDF;
			productRefGroup = D3AAA1A417000FC300954DDF /* Products */;
			projectDirPath = "";
			projectRoot = "";
			targets = (
				D3AAA1A217000FC300954DDF /* AnnoTree Viewer */,
				D3AAA1CB17000FC400954DDF /* AnnoTree ViewerTests */,
				D321648A172C18B500573823 /* AnnoTree */,
				D3216498172C18B600573823 /* AnnoTreeTests */,
				D3180C0F176182E300A6B8E0 /* Framework */,
				D3180C24176184B300A6B8E0 /* AnnoTreeResources */,
			);
		};
/* End PBXProject section */

/* Begin PBXResourcesBuildPhase section */
		D3180C23176184B300A6B8E0 /* Resources */ = {
			isa = PBXResourcesBuildPhase;
			buildActionMask = 2147483647;
			files = (
				D3E0AFA617903BAC009BEEDF /* AnnoTreeLogo.png in Resources */,
				D3E0AF57178F9026009BEEDF /* PencilIconToolbarSelected.png in Resources */,
				D3E0AF58178F9026009BEEDF /* SelectIconToolbarSelected.png in Resources */,
				D3E0AF59178F9026009BEEDF /* ShareIconToolbarSelected.png in Resources */,
				D3E0AF5A178F9026009BEEDF /* TextIconToolbarSelected.png in Resources */,
				D3E0AF5B178F9026009BEEDF /* TextIconToolbar.png in Resources */,
				D3E0AF5C178F9026009BEEDF /* PencilIconToolbar.png in Resources */,
				D3E0AF5D178F9026009BEEDF /* SelectIconToolbar.png in Resources */,
				D3E0AF5E178F9026009BEEDF /* ShareIconToolbar.png in Resources */,
			);
			runOnlyForDeploymentPostprocessing = 0;
		};
		D3216496172C18B600573823 /* Resources */ = {
			isa = PBXResourcesBuildPhase;
			buildActionMask = 2147483647;
			files = (
				D32164A5172C18B600573823 /* InfoPlist.strings in Resources */,
			);
			runOnlyForDeploymentPostprocessing = 0;
		};
		D3AAA1A117000FC300954DDF /* Resources */ = {
			isa = PBXResourcesBuildPhase;
			buildActionMask = 2147483647;
			files = (
				D3E0AF74178FC690009BEEDF /* Icon-72.png in Resources */,
				D3E0AF75178FC690009BEEDF /* Icon-Small-50.png in Resources */,
				D3E0AF76178FC690009BEEDF /* Icon-Small.png in Resources */,
				D3E0AF77178FC690009BEEDF /* Icon-Small@2x.png in Resources */,
				D3E0AF78178FC690009BEEDF /* Icon.png in Resources */,
				D3E0AF79178FC690009BEEDF /* Icon@2x.png in Resources */,
				D3E0AF71178FC45E009BEEDF /* Default-568h@2x.png in Resources */,
				D3E0AF72178FC45E009BEEDF /* Default.png in Resources */,
				D3E0AF73178FC45E009BEEDF /* Default@2x.png in Resources */,
				D3AAA1B117000FC300954DDF /* InfoPlist.strings in Resources */,
				D3AAA1C017000FC300954DDF /* MainStoryboard_iPhone.storyboard in Resources */,
				D3AAA1C317000FC300954DDF /* MainStoryboard_iPad.storyboard in Resources */,
				D314C687171B412800BA9B2F /* Default-Landscape@2x~ipad.png in Resources */,
				D314C689171B413400BA9B2F /* Default-Portrait@2x~ipad.png in Resources */,
				2787592317AEA8B5002F5A26 /* AnnoTree.bundle in Resources */,
			);
			runOnlyForDeploymentPostprocessing = 0;
		};
		D3AAA1C917000FC400954DDF /* Resources */ = {
			isa = PBXResourcesBuildPhase;
			buildActionMask = 2147483647;
			files = (
				D3AAA1D817000FC400954DDF /* InfoPlist.strings in Resources */,
			);
			runOnlyForDeploymentPostprocessing = 0;
		};
/* End PBXResourcesBuildPhase section */

/* Begin PBXShellScriptBuildPhase section */
		D3180C0E1761824800A6B8E0 /* ShellScript */ = {
			isa = PBXShellScriptBuildPhase;
			buildActionMask = 2147483647;
			files = (
			);
			inputPaths = (
			);
			outputPaths = (
			);
			runOnlyForDeploymentPostprocessing = 0;
			shellPath = /bin/sh;
			shellScript = "set -e\n\nmkdir -p \"${BUILT_PRODUCTS_DIR}/${PRODUCT_NAME}.framework/Versions/A/Headers\"\n\n# Link the \"Current\" version to \"A\"\n/bin/ln -sfh A \"${BUILT_PRODUCTS_DIR}/${PRODUCT_NAME}.framework/Versions/Current\"\n/bin/ln -sfh Versions/Current/Headers \"${BUILT_PRODUCTS_DIR}/${PRODUCT_NAME}.framework/Headers\"\n/bin/ln -sfh \"Versions/Current/${PRODUCT_NAME}\" \"${BUILT_PRODUCTS_DIR}/${PRODUCT_NAME}.framework/${PRODUCT_NAME}\"\n\n# The -a ensures that the headers maintain the source modification date so that we don't constantly\n# cause propagating rebuilds of files that import these headers.\n/bin/cp -a \"${TARGET_BUILD_DIR}/${PUBLIC_HEADERS_FOLDER_PATH}/\" \"${BUILT_PRODUCTS_DIR}/${PRODUCT_NAME}.framework/Versions/A/Headers\"\n";
		};
		D3180C15176183B000A6B8E0 /* ShellScript */ = {
			isa = PBXShellScriptBuildPhase;
			buildActionMask = 2147483647;
			files = (
			);
			inputPaths = (
			);
			outputPaths = (
			);
			runOnlyForDeploymentPostprocessing = 0;
			shellPath = /bin/sh;
			shellScript = "set -e\nset +u\n# Avoid recursively calling this script.\nif [[ $SF_MASTER_SCRIPT_RUNNING ]]\nthen\nexit 0\nfi\nset -u\nexport SF_MASTER_SCRIPT_RUNNING=1\n\nSF_TARGET_NAME=AnnoTree\nSF_EXECUTABLE_PATH=\"lib${SF_TARGET_NAME}.a\"\nSF_WRAPPER_NAME=\"${SF_TARGET_NAME}.framework\"\n\n# The following conditionals come from\n# https://github.com/kstenerud/iOS-Universal-Framework\n\nif [[ \"$SDK_NAME\" =~ ([A-Za-z]+) ]]\nthen\nSF_SDK_PLATFORM=${BASH_REMATCH[1]}\nelse\necho \"Could not find platform name from SDK_NAME: $SDK_NAME\"\nexit 1\nfi\n\nif [[ \"$SDK_NAME\" =~ ([0-9]+.*$) ]]\nthen\nSF_SDK_VERSION=${BASH_REMATCH[1]}\nelse\necho \"Could not find sdk version from SDK_NAME: $SDK_NAME\"\nexit 1\nfi\n\nif [[ \"$SF_SDK_PLATFORM\" = \"iphoneos\" ]]\nthen\nSF_OTHER_PLATFORM=iphonesimulator\nelse\nSF_OTHER_PLATFORM=iphoneos\nfi\n\nif [[ \"$BUILT_PRODUCTS_DIR\" =~ (.*)$SF_SDK_PLATFORM$ ]]\nthen\nSF_OTHER_BUILT_PRODUCTS_DIR=\"${BASH_REMATCH[1]}${SF_OTHER_PLATFORM}\"\nelse\necho \"Could not find platform name from build products directory: $BUILT_PRODUCTS_DIR\"\nexit 1\nfi\n\n# Build the other platform.\nxcodebuild -project \"${PROJECT_FILE_PATH}\" -target \"${TARGET_NAME}\" -configuration \"${CONFIGURATION}\" -sdk ${SF_OTHER_PLATFORM}${SF_SDK_VERSION} BUILD_DIR=\"${BUILD_DIR}\" OBJROOT=\"${OBJROOT}\" BUILD_ROOT=\"${BUILD_ROOT}\" SYMROOT=\"${SYMROOT}\" $ACTION\n\n# Smash the two static libraries into one fat binary and store it in the .framework\nlipo -create \"${BUILT_PRODUCTS_DIR}/${SF_EXECUTABLE_PATH}\" \"${SF_OTHER_BUILT_PRODUCTS_DIR}/${SF_EXECUTABLE_PATH}\" -output \"${BUILT_PRODUCTS_DIR}/${SF_WRAPPER_NAME}/Versions/A/${SF_TARGET_NAME}\"\n\n# Copy the binary to the other architecture folder to have a complete framework in both.\ncp -a \"${BUILT_PRODUCTS_DIR}/${SF_WRAPPER_NAME}/Versions/A/${SF_TARGET_NAME}\" \"${SF_OTHER_BUILT_PRODUCTS_DIR}/${SF_WRAPPER_NAME}/Versions/A/${SF_TARGET_NAME}\"\n";
		};
		D3216497172C18B600573823 /* ShellScript */ = {
			isa = PBXShellScriptBuildPhase;
			buildActionMask = 2147483647;
			files = (
			);
			inputPaths = (
			);
			outputPaths = (
			);
			runOnlyForDeploymentPostprocessing = 0;
			shellPath = /bin/sh;
			shellScript = "# Run the unit tests in this test bundle.\n\"${SYSTEM_DEVELOPER_DIR}/Tools/RunUnitTests\"\n";
		};
		D3AAA1CA17000FC400954DDF /* ShellScript */ = {
			isa = PBXShellScriptBuildPhase;
			buildActionMask = 2147483647;
			files = (
			);
			inputPaths = (
			);
			outputPaths = (
			);
			runOnlyForDeploymentPostprocessing = 0;
			shellPath = /bin/sh;
			shellScript = "# Run the unit tests in this test bundle.\n\"${SYSTEM_DEVELOPER_DIR}/Tools/RunUnitTests\"\n";
		};
/* End PBXShellScriptBuildPhase section */

/* Begin PBXSourcesBuildPhase section */
		D3180C21176184B300A6B8E0 /* Sources */ = {
			isa = PBXSourcesBuildPhase;
			buildActionMask = 2147483647;
			files = (
			);
			runOnlyForDeploymentPostprocessing = 0;
		};
		D3216487172C18B500573823 /* Sources */ = {
			isa = PBXSourcesBuildPhase;
			buildActionMask = 2147483647;
			files = (
				D32164AF172C190300573823 /* AnnotationView.m in Sources */,
				D32164B0172C190300573823 /* ShareViewController.m in Sources */,
				D32164B1172C190300573823 /* ToolbarBg.m in Sources */,
				D32164B2172C190300573823 /* AnnoTree.m in Sources */,
				D3216493172C18B500573823 /* AnnoTreeLibrary.m in Sources */,
				D36291041730465C00F08E8A /* UIWindowAnnoTree.m in Sources */,
				D3180C4D1761969900A6B8E0 /* AnnotationViewController.m in Sources */,
			);
			runOnlyForDeploymentPostprocessing = 0;
		};
		D3216494172C18B600573823 /* Sources */ = {
			isa = PBXSourcesBuildPhase;
			buildActionMask = 2147483647;
			files = (
				D32164A8172C18B600573823 /* AnnoTreeLibraryTests.m in Sources */,
				D3180C4E1761969900A6B8E0 /* AnnotationViewController.m in Sources */,
			);
			runOnlyForDeploymentPostprocessing = 0;
		};
		D3AAA19F17000FC300954DDF /* Sources */ = {
			isa = PBXSourcesBuildPhase;
			buildActionMask = 2147483647;
			files = (
				D3AAA1B317000FC300954DDF /* main.m in Sources */,
				D3AAA1B717000FC300954DDF /* AppDelegate.m in Sources */,
				D3AAA1C617000FC300954DDF /* WebViewController.m in Sources */,
			);
			runOnlyForDeploymentPostprocessing = 0;
		};
		D3AAA1C717000FC400954DDF /* Sources */ = {
			isa = PBXSourcesBuildPhase;
			buildActionMask = 2147483647;
			files = (
				D3AAA1DB17000FC400954DDF /* AnnoTree_ViewerTests.m in Sources */,
				D3180C4C1761969900A6B8E0 /* AnnotationViewController.m in Sources */,
			);
			runOnlyForDeploymentPostprocessing = 0;
		};
/* End PBXSourcesBuildPhase section */

/* Begin PBXTargetDependency section */
		D3180C14176182F100A6B8E0 /* PBXTargetDependency */ = {
			isa = PBXTargetDependency;
			target = D321648A172C18B500573823 /* AnnoTree */;
			targetProxy = D3180C13176182F100A6B8E0 /* PBXContainerItemProxy */;
		};
		D3180C3D1761852900A6B8E0 /* PBXTargetDependency */ = {
			isa = PBXTargetDependency;
			target = D3180C24176184B300A6B8E0 /* AnnoTreeResources */;
			targetProxy = D3180C3C1761852900A6B8E0 /* PBXContainerItemProxy */;
		};
		D3180C3F1761859F00A6B8E0 /* PBXTargetDependency */ = {
			isa = PBXTargetDependency;
			target = D3180C24176184B300A6B8E0 /* AnnoTreeResources */;
			targetProxy = D3180C3E1761859F00A6B8E0 /* PBXContainerItemProxy */;
		};
		D321649E172C18B600573823 /* PBXTargetDependency */ = {
			isa = PBXTargetDependency;
			target = D321648A172C18B500573823 /* AnnoTree */;
			targetProxy = D321649D172C18B600573823 /* PBXContainerItemProxy */;
		};
		D3AAA1D217000FC400954DDF /* PBXTargetDependency */ = {
			isa = PBXTargetDependency;
			target = D3AAA1A217000FC300954DDF /* AnnoTree Viewer */;
			targetProxy = D3AAA1D117000FC400954DDF /* PBXContainerItemProxy */;
		};
/* End PBXTargetDependency section */

/* Begin PBXVariantGroup section */
		D3180C2B176184B300A6B8E0 /* InfoPlist.strings */ = {
			isa = PBXVariantGroup;
			children = (
				D3180C2C176184B300A6B8E0 /* en */,
			);
			name = InfoPlist.strings;
			sourceTree = "<group>";
		};
		D32164A3172C18B600573823 /* InfoPlist.strings */ = {
			isa = PBXVariantGroup;
			children = (
				D32164A4172C18B600573823 /* en */,
			);
			name = InfoPlist.strings;
			sourceTree = "<group>";
		};
		D3AAA1AF17000FC300954DDF /* InfoPlist.strings */ = {
			isa = PBXVariantGroup;
			children = (
				D3AAA1B017000FC300954DDF /* en */,
			);
			name = InfoPlist.strings;
			sourceTree = "<group>";
		};
		D3AAA1BE17000FC300954DDF /* MainStoryboard_iPhone.storyboard */ = {
			isa = PBXVariantGroup;
			children = (
				D3AAA1BF17000FC300954DDF /* en */,
			);
			name = MainStoryboard_iPhone.storyboard;
			sourceTree = "<group>";
		};
		D3AAA1C117000FC300954DDF /* MainStoryboard_iPad.storyboard */ = {
			isa = PBXVariantGroup;
			children = (
				D3AAA1C217000FC300954DDF /* en */,
			);
			name = MainStoryboard_iPad.storyboard;
			sourceTree = "<group>";
		};
		D3AAA1D617000FC400954DDF /* InfoPlist.strings */ = {
			isa = PBXVariantGroup;
			children = (
				D3AAA1D717000FC400954DDF /* en */,
			);
			name = InfoPlist.strings;
			sourceTree = "<group>";
		};
/* End PBXVariantGroup section */

/* Begin XCBuildConfiguration section */
		D3180C11176182E400A6B8E0 /* Debug */ = {
			isa = XCBuildConfiguration;
			buildSettings = {
				"CODE_SIGN_IDENTITY[sdk=iphoneos*]" = "";
				IPHONEOS_DEPLOYMENT_TARGET = 5.0;
				ONLY_ACTIVE_ARCH = NO;
				PRODUCT_NAME = "$(TARGET_NAME)";
			};
			name = Debug;
		};
		D3180C12176182E400A6B8E0 /* Release */ = {
			isa = XCBuildConfiguration;
			buildSettings = {
				"CODE_SIGN_IDENTITY[sdk=iphoneos*]" = "";
				IPHONEOS_DEPLOYMENT_TARGET = 5.0;
				PRODUCT_NAME = "$(TARGET_NAME)";
			};
			name = Release;
		};
		D3180C30176184B300A6B8E0 /* Debug */ = {
			isa = XCBuildConfiguration;
			buildSettings = {
				CODE_SIGN_IDENTITY = "";
				"CODE_SIGN_IDENTITY[sdk=iphoneos*]" = "";
				COMBINE_HIDPI_IMAGES = NO;
				GCC_ENABLE_OBJC_EXCEPTIONS = YES;
				GCC_PRECOMPILE_PREFIX_HEADER = YES;
				GCC_PREFIX_HEADER = "AnnoTreeResources/AnnoTreeResources-Prefix.pch";
				GCC_WARN_64_TO_32_BIT_CONVERSION = YES;
				INFOPLIST_FILE = "AnnoTreeResources/AnnoTreeResources-Info.plist";
				INSTALL_PATH = "$(LOCAL_LIBRARY_DIR)/Bundles";
				IPHONEOS_DEPLOYMENT_TARGET = 5.0;
				MACOSX_DEPLOYMENT_TARGET = 10.8;
				ONLY_ACTIVE_ARCH = NO;
				PRODUCT_NAME = AnnoTree;
				SDKROOT = iphoneos;
				WRAPPER_EXTENSION = bundle;
			};
			name = Debug;
		};
		D3180C31176184B300A6B8E0 /* Release */ = {
			isa = XCBuildConfiguration;
			buildSettings = {
				CODE_SIGN_IDENTITY = "";
				"CODE_SIGN_IDENTITY[sdk=iphoneos*]" = "";
				COMBINE_HIDPI_IMAGES = NO;
				DEBUG_INFORMATION_FORMAT = "dwarf-with-dsym";
				GCC_ENABLE_OBJC_EXCEPTIONS = YES;
				GCC_PRECOMPILE_PREFIX_HEADER = YES;
				GCC_PREFIX_HEADER = "AnnoTreeResources/AnnoTreeResources-Prefix.pch";
				GCC_WARN_64_TO_32_BIT_CONVERSION = YES;
				INFOPLIST_FILE = "AnnoTreeResources/AnnoTreeResources-Info.plist";
				INSTALL_PATH = "$(LOCAL_LIBRARY_DIR)/Bundles";
				IPHONEOS_DEPLOYMENT_TARGET = 5.0;
				MACOSX_DEPLOYMENT_TARGET = 10.8;
				ONLY_ACTIVE_ARCH = NO;
				PRODUCT_NAME = AnnoTree;
				SDKROOT = iphoneos;
				WRAPPER_EXTENSION = bundle;
			};
			name = Release;
		};
		D32164A9172C18B600573823 /* Debug */ = {
			isa = XCBuildConfiguration;
			buildSettings = {
				CODE_SIGN_IDENTITY = "";
				"CODE_SIGN_IDENTITY[sdk=iphoneos*]" = "";
				COPY_PHASE_STRIP = NO;
				DEAD_CODE_STRIPPING = NO;
				DSTROOT = /tmp/AnnoTreeLibrary.dst;
				GCC_PRECOMPILE_PREFIX_HEADER = YES;
				GCC_PREFIX_HEADER = "AnnoTreeLibrary/AnnoTreeLibrary-Prefix.pch";
				IPHONEOS_DEPLOYMENT_TARGET = 5.0;
				ONLY_ACTIVE_ARCH = NO;
				OTHER_LDFLAGS = "-ObjC";
				PRODUCT_NAME = "$(TARGET_NAME)";
				PUBLIC_HEADERS_FOLDER_PATH = "$(PROJECT_NAME)Headers";
				SKIP_INSTALL = YES;
				STRIP_STYLE = "non-global";
			};
			name = Debug;
		};
		D32164AA172C18B600573823 /* Release */ = {
			isa = XCBuildConfiguration;
			buildSettings = {
				CODE_SIGN_IDENTITY = "";
				"CODE_SIGN_IDENTITY[sdk=iphoneos*]" = "";
				COPY_PHASE_STRIP = NO;
				DEAD_CODE_STRIPPING = NO;
				DSTROOT = /tmp/AnnoTreeLibrary.dst;
				GCC_PRECOMPILE_PREFIX_HEADER = YES;
				GCC_PREFIX_HEADER = "AnnoTreeLibrary/AnnoTreeLibrary-Prefix.pch";
				IPHONEOS_DEPLOYMENT_TARGET = 5.0;
				ONLY_ACTIVE_ARCH = NO;
				OTHER_LDFLAGS = "-ObjC";
				PRODUCT_NAME = "$(TARGET_NAME)";
				PUBLIC_HEADERS_FOLDER_PATH = "$(PROJECT_NAME)Headers";
				SKIP_INSTALL = YES;
				STRIP_STYLE = "non-global";
			};
			name = Release;
		};
		D32164AB172C18B600573823 /* Debug */ = {
			isa = XCBuildConfiguration;
			buildSettings = {
				FRAMEWORK_SEARCH_PATHS = (
					"\"$(SDKROOT)/Developer/Library/Frameworks\"",
					"\"$(DEVELOPER_LIBRARY_DIR)/Frameworks\"",
				);
				GCC_PRECOMPILE_PREFIX_HEADER = YES;
				GCC_PREFIX_HEADER = "AnnoTreeLibrary/AnnoTreeLibrary-Prefix.pch";
				INFOPLIST_FILE = "AnnoTreeLibraryTests/AnnoTreeLibraryTests-Info.plist";
				IPHONEOS_DEPLOYMENT_TARGET = 5.0;
				PRODUCT_NAME = "$(TARGET_NAME)";
				WRAPPER_EXTENSION = octest;
			};
			name = Debug;
		};
		D32164AC172C18B600573823 /* Release */ = {
			isa = XCBuildConfiguration;
			buildSettings = {
				FRAMEWORK_SEARCH_PATHS = (
					"\"$(SDKROOT)/Developer/Library/Frameworks\"",
					"\"$(DEVELOPER_LIBRARY_DIR)/Frameworks\"",
				);
				GCC_PRECOMPILE_PREFIX_HEADER = YES;
				GCC_PREFIX_HEADER = "AnnoTreeLibrary/AnnoTreeLibrary-Prefix.pch";
				INFOPLIST_FILE = "AnnoTreeLibraryTests/AnnoTreeLibraryTests-Info.plist";
				IPHONEOS_DEPLOYMENT_TARGET = 5.0;
				PRODUCT_NAME = "$(TARGET_NAME)";
				WRAPPER_EXTENSION = octest;
			};
			name = Release;
		};
		D3AAA1DC17000FC400954DDF /* Debug */ = {
			isa = XCBuildConfiguration;
			buildSettings = {
				ALWAYS_SEARCH_USER_PATHS = NO;
				CLANG_CXX_LANGUAGE_STANDARD = "gnu++0x";
				CLANG_CXX_LIBRARY = "libc++";
				CLANG_ENABLE_OBJC_ARC = YES;
				CLANG_WARN_CONSTANT_CONVERSION = YES;
				CLANG_WARN_EMPTY_BODY = YES;
				CLANG_WARN_ENUM_CONVERSION = YES;
				CLANG_WARN_INT_CONVERSION = YES;
				CLANG_WARN__DUPLICATE_METHOD_MATCH = YES;
				"CODE_SIGN_IDENTITY[sdk=iphoneos*]" = "iPhone Developer";
				COPY_PHASE_STRIP = NO;
				GCC_C_LANGUAGE_STANDARD = gnu99;
				GCC_DYNAMIC_NO_PIC = NO;
				GCC_OPTIMIZATION_LEVEL = 0;
				GCC_PREPROCESSOR_DEFINITIONS = (
					"DEBUG=1",
					"$(inherited)",
				);
				GCC_SYMBOLS_PRIVATE_EXTERN = NO;
				GCC_WARN_ABOUT_RETURN_TYPE = YES;
				GCC_WARN_UNINITIALIZED_AUTOS = YES;
				GCC_WARN_UNUSED_VARIABLE = YES;
				IPHONEOS_DEPLOYMENT_TARGET = 6.1;
				ONLY_ACTIVE_ARCH = YES;
				SDKROOT = iphoneos;
				TARGETED_DEVICE_FAMILY = "1,2";
			};
			name = Debug;
		};
		D3AAA1DD17000FC400954DDF /* Release */ = {
			isa = XCBuildConfiguration;
			buildSettings = {
				ALWAYS_SEARCH_USER_PATHS = NO;
				CLANG_CXX_LANGUAGE_STANDARD = "gnu++0x";
				CLANG_CXX_LIBRARY = "libc++";
				CLANG_ENABLE_OBJC_ARC = YES;
				CLANG_WARN_CONSTANT_CONVERSION = YES;
				CLANG_WARN_EMPTY_BODY = YES;
				CLANG_WARN_ENUM_CONVERSION = YES;
				CLANG_WARN_INT_CONVERSION = YES;
				CLANG_WARN__DUPLICATE_METHOD_MATCH = YES;
				"CODE_SIGN_IDENTITY[sdk=iphoneos*]" = "iPhone Developer";
				COPY_PHASE_STRIP = YES;
				GCC_C_LANGUAGE_STANDARD = gnu99;
				GCC_WARN_ABOUT_RETURN_TYPE = YES;
				GCC_WARN_UNINITIALIZED_AUTOS = YES;
				GCC_WARN_UNUSED_VARIABLE = YES;
				IPHONEOS_DEPLOYMENT_TARGET = 6.1;
				ONLY_ACTIVE_ARCH = NO;
				OTHER_CFLAGS = "-DNS_BLOCK_ASSERTIONS=1";
				SDKROOT = iphoneos;
				TARGETED_DEVICE_FAMILY = "1,2";
				VALIDATE_PRODUCT = YES;
			};
			name = Release;
		};
		D3AAA1DF17000FC400954DDF /* Debug */ = {
			isa = XCBuildConfiguration;
			buildSettings = {
				CODE_SIGN_IDENTITY = "iPhone Developer";
				"CODE_SIGN_IDENTITY[sdk=iphoneos*]" = "iPhone Developer";
				FRAMEWORK_SEARCH_PATHS = (
					"$(inherited)",
					"$(SRCROOT)",
					"$(SRCROOT)/../../../Website/anno_tree/public/SDK/AnnoTreeSDK",
					"$(SRCROOT)/../../../../../Library/Developer/Xcode/DerivedData/AnnoTree_Viewer-axltqtouvntwkybdbqstrebtskfl/Build/Products/Debug-iphoneos",
					"\"$(SRCROOT)/../../../../Library/Developer/Xcode/DerivedData/AnnoTree_Viewer-amwqjvzfpjsmpaewhyubzhmzswiq/Build/Products/Debug-iphoneos\"",
				);
				GCC_PRECOMPILE_PREFIX_HEADER = YES;
				GCC_PREFIX_HEADER = "AnnoTree Viewer/AnnoTree Viewer-Prefix.pch";
				INFOPLIST_FILE = "AnnoTree Viewer/AnnoTree Viewer-Info.plist";
				IPHONEOS_DEPLOYMENT_TARGET = 6.0;
				LIBRARY_SEARCH_PATHS = (
					"$(inherited)",
					"\"$(SRCROOT)/../../../Library/Developer/Xcode/DerivedData/AnnoTreeLib-chacgumndsccjsajgadetmhgvlpa/Build/Products/Debug-iphoneos\"",
				);
				ONLY_ACTIVE_ARCH = NO;
				PRODUCT_NAME = "$(TARGET_NAME)";
				USER_HEADER_SEARCH_PATHS = "";
				"USER_HEADER_SEARCH_PATHS[arch=*]" = "";
				WRAPPER_EXTENSION = app;
			};
			name = Debug;
		};
		D3AAA1E017000FC400954DDF /* Release */ = {
			isa = XCBuildConfiguration;
			buildSettings = {
				CODE_SIGN_IDENTITY = "iPhone Developer";
				"CODE_SIGN_IDENTITY[sdk=iphoneos*]" = "iPhone Developer";
				FRAMEWORK_SEARCH_PATHS = (
					"$(inherited)",
					"$(SRCROOT)",
					"$(SRCROOT)/../../../Website/anno_tree/public/SDK/AnnoTreeSDK",
					"$(SRCROOT)/../../../../../Library/Developer/Xcode/DerivedData/AnnoTree_Viewer-axltqtouvntwkybdbqstrebtskfl/Build/Products/Debug-iphoneos",
					"\"$(SRCROOT)/../../../../Library/Developer/Xcode/DerivedData/AnnoTree_Viewer-amwqjvzfpjsmpaewhyubzhmzswiq/Build/Products/Debug-iphoneos\"",
				);
				GCC_PRECOMPILE_PREFIX_HEADER = YES;
				GCC_PREFIX_HEADER = "AnnoTree Viewer/AnnoTree Viewer-Prefix.pch";
				INFOPLIST_FILE = "AnnoTree Viewer/AnnoTree Viewer-Info.plist";
				IPHONEOS_DEPLOYMENT_TARGET = 6.0;
				LIBRARY_SEARCH_PATHS = (
					"$(inherited)",
					"\"$(SRCROOT)/../../../Library/Developer/Xcode/DerivedData/AnnoTreeLib-chacgumndsccjsajgadetmhgvlpa/Build/Products/Debug-iphoneos\"",
				);
				ONLY_ACTIVE_ARCH = NO;
				PRODUCT_NAME = "$(TARGET_NAME)";
				USER_HEADER_SEARCH_PATHS = "";
				WRAPPER_EXTENSION = app;
			};
			name = Release;
		};
		D3AAA1E217000FC400954DDF /* Debug */ = {
			isa = XCBuildConfiguration;
			buildSettings = {
				BUNDLE_LOADER = "$(BUILT_PRODUCTS_DIR)/AnnoTree Viewer.app/AnnoTree Viewer";
				FRAMEWORK_SEARCH_PATHS = (
					"\"$(SDKROOT)/Developer/Library/Frameworks\"",
					"\"$(DEVELOPER_LIBRARY_DIR)/Frameworks\"",
				);
				GCC_PRECOMPILE_PREFIX_HEADER = YES;
				GCC_PREFIX_HEADER = "AnnoTree Viewer/AnnoTree Viewer-Prefix.pch";
				INFOPLIST_FILE = "AnnoTree ViewerTests/AnnoTree ViewerTests-Info.plist";
				IPHONEOS_DEPLOYMENT_TARGET = 5.0;
				PRODUCT_NAME = "$(TARGET_NAME)";
				TEST_HOST = "$(BUNDLE_LOADER)";
				WRAPPER_EXTENSION = octest;
			};
			name = Debug;
		};
		D3AAA1E317000FC400954DDF /* Release */ = {
			isa = XCBuildConfiguration;
			buildSettings = {
				BUNDLE_LOADER = "$(BUILT_PRODUCTS_DIR)/AnnoTree Viewer.app/AnnoTree Viewer";
				FRAMEWORK_SEARCH_PATHS = (
					"\"$(SDKROOT)/Developer/Library/Frameworks\"",
					"\"$(DEVELOPER_LIBRARY_DIR)/Frameworks\"",
				);
				GCC_PRECOMPILE_PREFIX_HEADER = YES;
				GCC_PREFIX_HEADER = "AnnoTree Viewer/AnnoTree Viewer-Prefix.pch";
				INFOPLIST_FILE = "AnnoTree ViewerTests/AnnoTree ViewerTests-Info.plist";
				IPHONEOS_DEPLOYMENT_TARGET = 5.0;
				PRODUCT_NAME = "$(TARGET_NAME)";
				TEST_HOST = "$(BUNDLE_LOADER)";
				WRAPPER_EXTENSION = octest;
			};
			name = Release;
		};
/* End XCBuildConfiguration section */

/* Begin XCConfigurationList section */
		D3180C10176182E400A6B8E0 /* Build configuration list for PBXAggregateTarget "Framework" */ = {
			isa = XCConfigurationList;
			buildConfigurations = (
				D3180C11176182E400A6B8E0 /* Debug */,
				D3180C12176182E400A6B8E0 /* Release */,
			);
			defaultConfigurationIsVisible = 0;
			defaultConfigurationName = Release;
		};
		D3180C2F176184B300A6B8E0 /* Build configuration list for PBXNativeTarget "AnnoTreeResources" */ = {
			isa = XCConfigurationList;
			buildConfigurations = (
				D3180C30176184B300A6B8E0 /* Debug */,
				D3180C31176184B300A6B8E0 /* Release */,
			);
			defaultConfigurationIsVisible = 0;
			defaultConfigurationName = Release;
		};
		D32164AD172C18B600573823 /* Build configuration list for PBXNativeTarget "AnnoTree" */ = {
			isa = XCConfigurationList;
			buildConfigurations = (
				D32164A9172C18B600573823 /* Debug */,
				D32164AA172C18B600573823 /* Release */,
			);
			defaultConfigurationIsVisible = 0;
			defaultConfigurationName = Release;
		};
		D32164AE172C18B600573823 /* Build configuration list for PBXNativeTarget "AnnoTreeTests" */ = {
			isa = XCConfigurationList;
			buildConfigurations = (
				D32164AB172C18B600573823 /* Debug */,
				D32164AC172C18B600573823 /* Release */,
			);
			defaultConfigurationIsVisible = 0;
			defaultConfigurationName = Release;
		};
		D3AAA19E17000FC300954DDF /* Build configuration list for PBXProject "AnnoTree Viewer" */ = {
			isa = XCConfigurationList;
			buildConfigurations = (
				D3AAA1DC17000FC400954DDF /* Debug */,
				D3AAA1DD17000FC400954DDF /* Release */,
			);
			defaultConfigurationIsVisible = 0;
			defaultConfigurationName = Release;
		};
		D3AAA1DE17000FC400954DDF /* Build configuration list for PBXNativeTarget "AnnoTree Viewer" */ = {
			isa = XCConfigurationList;
			buildConfigurations = (
				D3AAA1DF17000FC400954DDF /* Debug */,
				D3AAA1E017000FC400954DDF /* Release */,
			);
			defaultConfigurationIsVisible = 0;
			defaultConfigurationName = Release;
		};
		D3AAA1E117000FC400954DDF /* Build configuration list for PBXNativeTarget "AnnoTree ViewerTests" */ = {
			isa = XCConfigurationList;
			buildConfigurations = (
				D3AAA1E217000FC400954DDF /* Debug */,
				D3AAA1E317000FC400954DDF /* Release */,
			);
			defaultConfigurationIsVisible = 0;
			defaultConfigurationName = Release;
		};
/* End XCConfigurationList section */
	};
	rootObject = D3AAA19B17000FC300954DDF /* Project object */;
}
